
Microsoft Visual Studio Solution File, Format Version 12.00
# Visual Studio Version 16
VisualStudioVersion = 16.0.31229.75
MinimumVisualStudioVersion = 10.0.40219.1
Project("{2150E333-8FDC-42A3-9474-1A3956D46DE8}") = ".github", ".github", "{0D76E2D5-E024-415E-9C28-D52600CCFE5E}"
EndProject
Project("{2150E333-8FDC-42A3-9474-1A3956D46DE8}") = "workflows", "workflows", "{A3EE6F6D-1B1D-49A4-998A-BDADF7FA8046}"
	ProjectSection(SolutionItems) = preProject
		.github\workflows\build-and-test.yml.disabled = .github\workflows\build-and-test.yml.disabled
	EndProjectSection
EndProject
Project("{2150E333-8FDC-42A3-9474-1A3956D46DE8}") = "_SolutionItems", "_SolutionItems", "{0DB12858-8B23-472E-B636-A70122EA9936}"
	ProjectSection(SolutionItems) = preProject
		.editorconfig = .editorconfig
		.gitattributes = .gitattributes
		.gitignore = .gitignore
		_build.bat = _build.bat
		_build.sh = _build.sh
		_test.bat = _test.bat
		_test.sh = _test.sh
		Directory.Build.props = Directory.Build.props
		NuGet.Config = NuGet.Config
	EndProjectSection
EndProject
Project("{2150E333-8FDC-42A3-9474-1A3956D46DE8}") = "build", "build", "{D2572AC4-083E-4C75-B25D-A969F76B63E2}"
EndProject
Project("{2150E333-8FDC-42A3-9474-1A3956D46DE8}") = "props", "props", "{51CED495-5A91-4209-AEE8-A6AEE4DF64EA}"
	ProjectSection(SolutionItems) = preProject
		build\props\Analyzer.props = build\props\Analyzer.props
		build\props\Source.props = build\props\Source.props
	EndProjectSection
EndProject
Project("{2150E333-8FDC-42A3-9474-1A3956D46DE8}") = "scripts", "scripts", "{3ADBBB40-72C8-493A-868C-7096F5C458D2}"
	ProjectSection(SolutionItems) = preProject
		build\scripts\build.ps1 = build\scripts\build.ps1
		build\scripts\test.ps1 = build\scripts\test.ps1
	EndProjectSection
EndProject
Project("{2150E333-8FDC-42A3-9474-1A3956D46DE8}") = "targets", "targets", "{612B4D5D-3B78-4E8F-8E9E-1171C9DF5D20}"
	ProjectSection(SolutionItems) = preProject
		build\targets\Analyzer.targets = build\targets\Analyzer.targets
	EndProjectSection
EndProject
Project("{2150E333-8FDC-42A3-9474-1A3956D46DE8}") = "docs", "docs", "{05DDD811-94E9-4A43-A0D8-9883539CA6E7}"
	ProjectSection(SolutionItems) = preProject
		docs\filler.md = docs\filler.md
	EndProjectSection
EndProject
Project("{2150E333-8FDC-42A3-9474-1A3956D46DE8}") = "samples", "samples", "{97630F4B-ECF7-493A-BB47-00B09CD6207C}"
EndProject
Project("{2150E333-8FDC-42A3-9474-1A3956D46DE8}") = "Applications", "Applications", "{FB42EE55-D632-413B-8FBC-9EE6F37C5125}"
EndProject
Project("{9A19103F-16F7-4668-BE54-9A1E7A4F7556}") = "DotNetDBTools.SampleBusinessLogicLib.Agnostic", "samples\Applications\DotNetDBTools.SampleBusinessLogicLib.Agnostic\DotNetDBTools.SampleBusinessLogicLib.Agnostic.csproj", "{9B808F21-B972-4BEA-881A-2EFA81C35B44}"
EndProject
Project("{9A19103F-16F7-4668-BE54-9A1E7A4F7556}") = "DotNetDBTools.SampleBusinessLogicOnlyApp.MSSQL", "samples\Applications\DotNetDBTools.SampleBusinessLogicOnlyApp.MSSQL\DotNetDBTools.SampleBusinessLogicOnlyApp.MSSQL.csproj", "{A99B9156-4E59-434E-A500-FBC46A658309}"
EndProject
Project("{9A19103F-16F7-4668-BE54-9A1E7A4F7556}") = "DotNetDBTools.SampleBusinessLogicOnlyApp.MySQL", "samples\Applications\DotNetDBTools.SampleBusinessLogicOnlyApp.MySQL\DotNetDBTools.SampleBusinessLogicOnlyApp.MySQL.csproj", "{40BE360F-D79F-47F8-89B4-468EE2196F9E}"
EndProject
Project("{9A19103F-16F7-4668-BE54-9A1E7A4F7556}") = "DotNetDBTools.SampleBusinessLogicOnlyApp.Postgres", "samples\Applications\DotNetDBTools.SampleBusinessLogicOnlyApp.Postgres\DotNetDBTools.SampleBusinessLogicOnlyApp.Postgres.csproj", "{D36A481C-44C5-4B46-9985-E00F8C0AF5AD}"
EndProject
Project("{9A19103F-16F7-4668-BE54-9A1E7A4F7556}") = "DotNetDBTools.SampleBusinessLogicOnlyApp.SQLite", "samples\Applications\DotNetDBTools.SampleBusinessLogicOnlyApp.SQLite\DotNetDBTools.SampleBusinessLogicOnlyApp.SQLite.csproj", "{02D1A7C2-6B62-47D8-8433-E5433A5B0244}"
EndProject
Project("{9A19103F-16F7-4668-BE54-9A1E7A4F7556}") = "DotNetDBTools.SampleSelfUpdatingApp.MSSQL", "samples\Applications\DotNetDBTools.SampleSelfUpdatingApp.MSSQL\DotNetDBTools.SampleSelfUpdatingApp.MSSQL.csproj", "{4D1EB939-A0A9-4023-9732-23479FE7F186}"
EndProject
Project("{9A19103F-16F7-4668-BE54-9A1E7A4F7556}") = "DotNetDBTools.SampleSelfUpdatingApp.MySQL", "samples\Applications\DotNetDBTools.SampleSelfUpdatingApp.MySQL\DotNetDBTools.SampleSelfUpdatingApp.MySQL.csproj", "{A5722C3B-0FB2-4426-8E32-C6CB4FE3D50E}"
EndProject
Project("{9A19103F-16F7-4668-BE54-9A1E7A4F7556}") = "DotNetDBTools.SampleSelfUpdatingApp.Postgres", "samples\Applications\DotNetDBTools.SampleSelfUpdatingApp.Postgres\DotNetDBTools.SampleSelfUpdatingApp.Postgres.csproj", "{C347EC54-B6E4-433A-95A8-7C5530FB8C3A}"
EndProject
Project("{9A19103F-16F7-4668-BE54-9A1E7A4F7556}") = "DotNetDBTools.SampleSelfUpdatingApp.SQLite", "samples\Applications\DotNetDBTools.SampleSelfUpdatingApp.SQLite\DotNetDBTools.SampleSelfUpdatingApp.SQLite.csproj", "{D3A2D253-7B2D-4D27-AE47-CF8310E36CD6}"
EndProject
Project("{2150E333-8FDC-42A3-9474-1A3956D46DE8}") = "Databases", "Databases", "{80C1202A-276C-493E-821E-9DB63164F2BE}"
EndProject
Project("{9A19103F-16F7-4668-BE54-9A1E7A4F7556}") = "DotNetDBTools.SampleDB.Agnostic", "samples\Databases\DotNetDBTools.SampleDB.Agnostic\DotNetDBTools.SampleDB.Agnostic.csproj", "{51A89E8B-3C98-4D47-B48D-4CA665AEF833}"
EndProject
Project("{9A19103F-16F7-4668-BE54-9A1E7A4F7556}") = "DotNetDBTools.SampleDB.MSSQL", "samples\Databases\DotNetDBTools.SampleDB.MSSQL\DotNetDBTools.SampleDB.MSSQL.csproj", "{EF0D661D-028A-4B49-8821-233DA76F41F6}"
EndProject
Project("{9A19103F-16F7-4668-BE54-9A1E7A4F7556}") = "DotNetDBTools.SampleDB.MySQL", "samples\Databases\DotNetDBTools.SampleDB.MySQL\DotNetDBTools.SampleDB.MySQL.csproj", "{3500E605-2B09-43C0-B840-20F4361DDF3D}"
EndProject
Project("{9A19103F-16F7-4668-BE54-9A1E7A4F7556}") = "DotNetDBTools.SampleDB.Postgres", "samples\Databases\DotNetDBTools.SampleDB.Postgres\DotNetDBTools.SampleDB.Postgres.csproj", "{1C04981D-8E3F-4B2C-B9E2-8F4AEBFD379F}"
EndProject
Project("{9A19103F-16F7-4668-BE54-9A1E7A4F7556}") = "DotNetDBTools.SampleDB.SQLite", "samples\Databases\DotNetDBTools.SampleDB.SQLite\DotNetDBTools.SampleDB.SQLite.csproj", "{B258DC47-A46F-4C53-99DF-A8DEDE81F7D5}"
EndProject
Project("{9A19103F-16F7-4668-BE54-9A1E7A4F7556}") = "DotNetDBTools.SampleDBv2.Agnostic", "samples\Databases\DotNetDBTools.SampleDBv2.Agnostic\DotNetDBTools.SampleDBv2.Agnostic.csproj", "{B0268B65-50BB-47BF-B798-0B04DCCF6A64}"
EndProject
Project("{9A19103F-16F7-4668-BE54-9A1E7A4F7556}") = "DotNetDBTools.SampleDBv2.MSSQL", "samples\Databases\DotNetDBTools.SampleDBv2.MSSQL\DotNetDBTools.SampleDBv2.MSSQL.csproj", "{96549CFF-BE53-4C80-A0E1-CBA086C2D497}"
EndProject
Project("{9A19103F-16F7-4668-BE54-9A1E7A4F7556}") = "DotNetDBTools.SampleDBv2.MySQL", "samples\Databases\DotNetDBTools.SampleDBv2.MySQL\DotNetDBTools.SampleDBv2.MySQL.csproj", "{A59BF064-A8DF-41D1-88F0-F254EB352834}"
EndProject
Project("{9A19103F-16F7-4668-BE54-9A1E7A4F7556}") = "DotNetDBTools.SampleDBv2.Postgres", "samples\Databases\DotNetDBTools.SampleDBv2.Postgres\DotNetDBTools.SampleDBv2.Postgres.csproj", "{718ACBE7-4611-45E1-97ED-BE6CC3F7A7AC}"
EndProject
Project("{9A19103F-16F7-4668-BE54-9A1E7A4F7556}") = "DotNetDBTools.SampleDBv2.SQLite", "samples\Databases\DotNetDBTools.SampleDBv2.SQLite\DotNetDBTools.SampleDBv2.SQLite.csproj", "{8E1B4198-955B-4E3C-ABC1-4D841B332B77}"
EndProject
Project("{2150E333-8FDC-42A3-9474-1A3956D46DE8}") = "DeployTools", "DeployTools", "{87929773-9D37-4086-8F1E-6CD507EB2AED}"
EndProject
Project("{9A19103F-16F7-4668-BE54-9A1E7A4F7556}") = "DotNetDBTools.SampleDeployTool.MSSQL", "samples\DeployTools\DotNetDBTools.SampleDeployTool.MSSQL\DotNetDBTools.SampleDeployTool.MSSQL.csproj", "{7D467CA3-E65D-42A4-8149-A2247C7CCF34}"
	ProjectSection(ProjectDependencies) = postProject
		{EF0D661D-028A-4B49-8821-233DA76F41F6} = {EF0D661D-028A-4B49-8821-233DA76F41F6}
		{B0268B65-50BB-47BF-B798-0B04DCCF6A64} = {B0268B65-50BB-47BF-B798-0B04DCCF6A64}
		{51A89E8B-3C98-4D47-B48D-4CA665AEF833} = {51A89E8B-3C98-4D47-B48D-4CA665AEF833}
		{96549CFF-BE53-4C80-A0E1-CBA086C2D497} = {96549CFF-BE53-4C80-A0E1-CBA086C2D497}
	EndProjectSection
EndProject
Project("{9A19103F-16F7-4668-BE54-9A1E7A4F7556}") = "DotNetDBTools.SampleDeployTool.MySQL", "samples\DeployTools\DotNetDBTools.SampleDeployTool.MySQL\DotNetDBTools.SampleDeployTool.MySQL.csproj", "{4446C6A5-51FD-4B45-A08B-498176CB71F0}"
	ProjectSection(ProjectDependencies) = postProject
		{3500E605-2B09-43C0-B840-20F4361DDF3D} = {3500E605-2B09-43C0-B840-20F4361DDF3D}
		{A59BF064-A8DF-41D1-88F0-F254EB352834} = {A59BF064-A8DF-41D1-88F0-F254EB352834}
		{B0268B65-50BB-47BF-B798-0B04DCCF6A64} = {B0268B65-50BB-47BF-B798-0B04DCCF6A64}
		{51A89E8B-3C98-4D47-B48D-4CA665AEF833} = {51A89E8B-3C98-4D47-B48D-4CA665AEF833}
	EndProjectSection
EndProject
Project("{9A19103F-16F7-4668-BE54-9A1E7A4F7556}") = "DotNetDBTools.SampleDeployTool.Postgres", "samples\DeployTools\DotNetDBTools.SampleDeployTool.Postgres\DotNetDBTools.SampleDeployTool.Postgres.csproj", "{9A07C740-5CB3-49A4-9422-EDE3BB2A7D22}"
	ProjectSection(ProjectDependencies) = postProject
		{1C04981D-8E3F-4B2C-B9E2-8F4AEBFD379F} = {1C04981D-8E3F-4B2C-B9E2-8F4AEBFD379F}
		{B0268B65-50BB-47BF-B798-0B04DCCF6A64} = {B0268B65-50BB-47BF-B798-0B04DCCF6A64}
		{51A89E8B-3C98-4D47-B48D-4CA665AEF833} = {51A89E8B-3C98-4D47-B48D-4CA665AEF833}
		{718ACBE7-4611-45E1-97ED-BE6CC3F7A7AC} = {718ACBE7-4611-45E1-97ED-BE6CC3F7A7AC}
	EndProjectSection
EndProject
Project("{9A19103F-16F7-4668-BE54-9A1E7A4F7556}") = "DotNetDBTools.SampleDeployTool.SQLite", "samples\DeployTools\DotNetDBTools.SampleDeployTool.SQLite\DotNetDBTools.SampleDeployTool.SQLite.csproj", "{0EDFDEAF-4DC4-441E-B3B9-8DC20495105C}"
	ProjectSection(ProjectDependencies) = postProject
		{B258DC47-A46F-4C53-99DF-A8DEDE81F7D5} = {B258DC47-A46F-4C53-99DF-A8DEDE81F7D5}
		{B0268B65-50BB-47BF-B798-0B04DCCF6A64} = {B0268B65-50BB-47BF-B798-0B04DCCF6A64}
		{51A89E8B-3C98-4D47-B48D-4CA665AEF833} = {51A89E8B-3C98-4D47-B48D-4CA665AEF833}
		{8E1B4198-955B-4E3C-ABC1-4D841B332B77} = {8E1B4198-955B-4E3C-ABC1-4D841B332B77}
	EndProjectSection
EndProject
Project("{2150E333-8FDC-42A3-9474-1A3956D46DE8}") = "src", "src", "{B7ABF1B7-9417-4762-8EE3-AE1548F3C2DB}"
EndProject
Project("{9A19103F-16F7-4668-BE54-9A1E7A4F7556}") = "DotNetDBTools.Analysis", "src\DotNetDBTools.Analysis\DotNetDBTools.Analysis.csproj", "{3162A36E-F7D2-4A11-9DEA-7C0961397999}"
EndProject
Project("{9A19103F-16F7-4668-BE54-9A1E7A4F7556}") = "DotNetDBTools.Definition.Agnostic", "src\DotNetDBTools.Definition.Agnostic\DotNetDBTools.Definition.Agnostic.csproj", "{47767EDE-A74B-4849-A149-1CAA28001AAE}"
EndProject
Project("{9A19103F-16F7-4668-BE54-9A1E7A4F7556}") = "DotNetDBTools.Definition.Core", "src\DotNetDBTools.Definition.Core\DotNetDBTools.Definition.Core.csproj", "{4A4A8399-09A5-48A0-8C78-CD36A6B8F313}"
EndProject
Project("{9A19103F-16F7-4668-BE54-9A1E7A4F7556}") = "DotNetDBTools.Definition.MSSQL", "src\DotNetDBTools.Definition.MSSQL\DotNetDBTools.Definition.MSSQL.csproj", "{2AC85A6A-B0E7-4786-B7CF-47C913B3230F}"
EndProject
Project("{9A19103F-16F7-4668-BE54-9A1E7A4F7556}") = "DotNetDBTools.Definition.MySQL", "src\DotNetDBTools.Definition.MySQL\DotNetDBTools.Definition.MySQL.csproj", "{F3FA5708-FE50-4B16-AE81-C7AF74BB26A2}"
EndProject
Project("{9A19103F-16F7-4668-BE54-9A1E7A4F7556}") = "DotNetDBTools.Definition.Postgres", "src\DotNetDBTools.Definition.Postgres\DotNetDBTools.Definition.Postgres.csproj", "{AD42D6AD-396A-4D65-B186-0EC5666CCCF2}"
EndProject
Project("{9A19103F-16F7-4668-BE54-9A1E7A4F7556}") = "DotNetDBTools.Definition.SQLite", "src\DotNetDBTools.Definition.SQLite\DotNetDBTools.Definition.SQLite.csproj", "{19D0ACE9-4A95-47A3-A9B4-3184B5559321}"
EndProject
Project("{9A19103F-16F7-4668-BE54-9A1E7A4F7556}") = "DotNetDBTools.DefinitionAnalyzer", "src\DotNetDBTools.DefinitionAnalyzer\DotNetDBTools.DefinitionAnalyzer.csproj", "{35980423-0DF6-4D5F-A8BF-9D57EE14B5BE}"
EndProject
Project("{9A19103F-16F7-4668-BE54-9A1E7A4F7556}") = "DotNetDBTools.DefinitionGenerator", "src\DotNetDBTools.DefinitionGenerator\DotNetDBTools.DefinitionGenerator.csproj", "{476F837D-B3B0-4903-BC7F-56418A5AF1FD}"
EndProject
Project("{9A19103F-16F7-4668-BE54-9A1E7A4F7556}") = "DotNetDBTools.DefinitionParser", "src\DotNetDBTools.DefinitionParser\DotNetDBTools.DefinitionParser.csproj", "{4F89A5A5-7B7B-40AF-BE72-67631174F044}"
EndProject
Project("{9A19103F-16F7-4668-BE54-9A1E7A4F7556}") = "DotNetDBTools.Deploy", "src\DotNetDBTools.Deploy\DotNetDBTools.Deploy.csproj", "{4AA1D5F5-A36A-455F-8176-EF30130ECE65}"
EndProject
Project("{9A19103F-16F7-4668-BE54-9A1E7A4F7556}") = "DotNetDBTools.Description", "src\DotNetDBTools.Description\DotNetDBTools.Description.csproj", "{3F28E9C7-FABC-483B-9EA6-8061BAA5B5D7}"
EndProject
Project("{9A19103F-16F7-4668-BE54-9A1E7A4F7556}") = "DotNetDBTools.DescriptionSourceGenerator", "src\DotNetDBTools.DescriptionSourceGenerator\DotNetDBTools.DescriptionSourceGenerator.csproj", "{B2D848BA-9538-45E3-9F9D-35937CDECB7A}"
EndProject
Project("{9A19103F-16F7-4668-BE54-9A1E7A4F7556}") = "DotNetDBTools.Models", "src\DotNetDBTools.Models\DotNetDBTools.Models.csproj", "{DB7176F0-88E5-4885-B068-41E7B6751892}"
EndProject
Project("{2150E333-8FDC-42A3-9474-1A3956D46DE8}") = "tests", "tests", "{6F28DB45-987D-4EBF-B44C-5B2DF6F617F2}"
EndProject
Project("{9A19103F-16F7-4668-BE54-9A1E7A4F7556}") = "DotNetDBTools.AnalyzersTests", "tests\DotNetDBTools.AnalyzersTests\DotNetDBTools.AnalyzersTests.csproj", "{F7D047DF-9C40-4D6B-B654-C34C14995F92}"
EndProject
Project("{9A19103F-16F7-4668-BE54-9A1E7A4F7556}") = "DotNetDBTools.IntegrationTests", "tests\DotNetDBTools.IntegrationTests\DotNetDBTools.IntegrationTests.csproj", "{907FEB7A-E784-45CF-A5F8-CF3320A1C126}"
	ProjectSection(ProjectDependencies) = postProject
		{3500E605-2B09-43C0-B840-20F4361DDF3D} = {3500E605-2B09-43C0-B840-20F4361DDF3D}
		{40BE360F-D79F-47F8-89B4-468EE2196F9E} = {40BE360F-D79F-47F8-89B4-468EE2196F9E}
		{D36A481C-44C5-4B46-9985-E00F8C0AF5AD} = {D36A481C-44C5-4B46-9985-E00F8C0AF5AD}
		{EF0D661D-028A-4B49-8821-233DA76F41F6} = {EF0D661D-028A-4B49-8821-233DA76F41F6}
		{1C04981D-8E3F-4B2C-B9E2-8F4AEBFD379F} = {1C04981D-8E3F-4B2C-B9E2-8F4AEBFD379F}
		{9B808F21-B972-4BEA-881A-2EFA81C35B44} = {9B808F21-B972-4BEA-881A-2EFA81C35B44}
		{4D1EB939-A0A9-4023-9732-23479FE7F186} = {4D1EB939-A0A9-4023-9732-23479FE7F186}
		{A5722C3B-0FB2-4426-8E32-C6CB4FE3D50E} = {A5722C3B-0FB2-4426-8E32-C6CB4FE3D50E}
		{9A07C740-5CB3-49A4-9422-EDE3BB2A7D22} = {9A07C740-5CB3-49A4-9422-EDE3BB2A7D22}
		{B258DC47-A46F-4C53-99DF-A8DEDE81F7D5} = {B258DC47-A46F-4C53-99DF-A8DEDE81F7D5}
		{D3A2D253-7B2D-4D27-AE47-CF8310E36CD6} = {D3A2D253-7B2D-4D27-AE47-CF8310E36CD6}
		{C347EC54-B6E4-433A-95A8-7C5530FB8C3A} = {C347EC54-B6E4-433A-95A8-7C5530FB8C3A}
		{A99B9156-4E59-434E-A500-FBC46A658309} = {A99B9156-4E59-434E-A500-FBC46A658309}
		{A59BF064-A8DF-41D1-88F0-F254EB352834} = {A59BF064-A8DF-41D1-88F0-F254EB352834}
		{B0268B65-50BB-47BF-B798-0B04DCCF6A64} = {B0268B65-50BB-47BF-B798-0B04DCCF6A64}
		{51A89E8B-3C98-4D47-B48D-4CA665AEF833} = {51A89E8B-3C98-4D47-B48D-4CA665AEF833}
		{8E1B4198-955B-4E3C-ABC1-4D841B332B77} = {8E1B4198-955B-4E3C-ABC1-4D841B332B77}
		{7D467CA3-E65D-42A4-8149-A2247C7CCF34} = {7D467CA3-E65D-42A4-8149-A2247C7CCF34}
		{4446C6A5-51FD-4B45-A08B-498176CB71F0} = {4446C6A5-51FD-4B45-A08B-498176CB71F0}
		{0EDFDEAF-4DC4-441E-B3B9-8DC20495105C} = {0EDFDEAF-4DC4-441E-B3B9-8DC20495105C}
		{02D1A7C2-6B62-47D8-8433-E5433A5B0244} = {02D1A7C2-6B62-47D8-8433-E5433A5B0244}
		{718ACBE7-4611-45E1-97ED-BE6CC3F7A7AC} = {718ACBE7-4611-45E1-97ED-BE6CC3F7A7AC}
		{96549CFF-BE53-4C80-A0E1-CBA086C2D497} = {96549CFF-BE53-4C80-A0E1-CBA086C2D497}
	EndProjectSection
EndProject
Project("{9A19103F-16F7-4668-BE54-9A1E7A4F7556}") = "DotNetDBTools.UnitTests", "tests\DotNetDBTools.UnitTests\DotNetDBTools.UnitTests.csproj", "{F4863F2B-7A90-42A0-A23B-CBEC729EC3D3}"
EndProject
Global
	GlobalSection(SolutionConfigurationPlatforms) = preSolution
		Debug|Any CPU = Debug|Any CPU
		Release|Any CPU = Release|Any CPU
	EndGlobalSection
	GlobalSection(ProjectConfigurationPlatforms) = postSolution
		{9B808F21-B972-4BEA-881A-2EFA81C35B44}.Debug|Any CPU.ActiveCfg = Debug|Any CPU
		{9B808F21-B972-4BEA-881A-2EFA81C35B44}.Debug|Any CPU.Build.0 = Debug|Any CPU
		{9B808F21-B972-4BEA-881A-2EFA81C35B44}.Release|Any CPU.ActiveCfg = Release|Any CPU
		{9B808F21-B972-4BEA-881A-2EFA81C35B44}.Release|Any CPU.Build.0 = Release|Any CPU
		{A99B9156-4E59-434E-A500-FBC46A658309}.Debug|Any CPU.ActiveCfg = Debug|Any CPU
		{A99B9156-4E59-434E-A500-FBC46A658309}.Debug|Any CPU.Build.0 = Debug|Any CPU
		{A99B9156-4E59-434E-A500-FBC46A658309}.Release|Any CPU.ActiveCfg = Release|Any CPU
		{A99B9156-4E59-434E-A500-FBC46A658309}.Release|Any CPU.Build.0 = Release|Any CPU
		{40BE360F-D79F-47F8-89B4-468EE2196F9E}.Debug|Any CPU.ActiveCfg = Debug|Any CPU
		{40BE360F-D79F-47F8-89B4-468EE2196F9E}.Debug|Any CPU.Build.0 = Debug|Any CPU
		{40BE360F-D79F-47F8-89B4-468EE2196F9E}.Release|Any CPU.ActiveCfg = Release|Any CPU
		{40BE360F-D79F-47F8-89B4-468EE2196F9E}.Release|Any CPU.Build.0 = Release|Any CPU
		{D36A481C-44C5-4B46-9985-E00F8C0AF5AD}.Debug|Any CPU.ActiveCfg = Debug|Any CPU
		{D36A481C-44C5-4B46-9985-E00F8C0AF5AD}.Debug|Any CPU.Build.0 = Debug|Any CPU
		{D36A481C-44C5-4B46-9985-E00F8C0AF5AD}.Release|Any CPU.ActiveCfg = Release|Any CPU
		{D36A481C-44C5-4B46-9985-E00F8C0AF5AD}.Release|Any CPU.Build.0 = Release|Any CPU
		{02D1A7C2-6B62-47D8-8433-E5433A5B0244}.Debug|Any CPU.ActiveCfg = Debug|Any CPU
		{02D1A7C2-6B62-47D8-8433-E5433A5B0244}.Debug|Any CPU.Build.0 = Debug|Any CPU
		{02D1A7C2-6B62-47D8-8433-E5433A5B0244}.Release|Any CPU.ActiveCfg = Release|Any CPU
		{02D1A7C2-6B62-47D8-8433-E5433A5B0244}.Release|Any CPU.Build.0 = Release|Any CPU
		{4D1EB939-A0A9-4023-9732-23479FE7F186}.Debug|Any CPU.ActiveCfg = Debug|Any CPU
		{4D1EB939-A0A9-4023-9732-23479FE7F186}.Debug|Any CPU.Build.0 = Debug|Any CPU
		{4D1EB939-A0A9-4023-9732-23479FE7F186}.Release|Any CPU.ActiveCfg = Release|Any CPU
		{4D1EB939-A0A9-4023-9732-23479FE7F186}.Release|Any CPU.Build.0 = Release|Any CPU
		{A5722C3B-0FB2-4426-8E32-C6CB4FE3D50E}.Debug|Any CPU.ActiveCfg = Debug|Any CPU
		{A5722C3B-0FB2-4426-8E32-C6CB4FE3D50E}.Debug|Any CPU.Build.0 = Debug|Any CPU
		{A5722C3B-0FB2-4426-8E32-C6CB4FE3D50E}.Release|Any CPU.ActiveCfg = Release|Any CPU
		{A5722C3B-0FB2-4426-8E32-C6CB4FE3D50E}.Release|Any CPU.Build.0 = Release|Any CPU
		{C347EC54-B6E4-433A-95A8-7C5530FB8C3A}.Debug|Any CPU.ActiveCfg = Debug|Any CPU
		{C347EC54-B6E4-433A-95A8-7C5530FB8C3A}.Debug|Any CPU.Build.0 = Debug|Any CPU
		{C347EC54-B6E4-433A-95A8-7C5530FB8C3A}.Release|Any CPU.ActiveCfg = Release|Any CPU
		{C347EC54-B6E4-433A-95A8-7C5530FB8C3A}.Release|Any CPU.Build.0 = Release|Any CPU
		{D3A2D253-7B2D-4D27-AE47-CF8310E36CD6}.Debug|Any CPU.ActiveCfg = Debug|Any CPU
		{D3A2D253-7B2D-4D27-AE47-CF8310E36CD6}.Debug|Any CPU.Build.0 = Debug|Any CPU
		{D3A2D253-7B2D-4D27-AE47-CF8310E36CD6}.Release|Any CPU.ActiveCfg = Release|Any CPU
		{D3A2D253-7B2D-4D27-AE47-CF8310E36CD6}.Release|Any CPU.Build.0 = Release|Any CPU
		{51A89E8B-3C98-4D47-B48D-4CA665AEF833}.Debug|Any CPU.ActiveCfg = Debug|Any CPU
		{51A89E8B-3C98-4D47-B48D-4CA665AEF833}.Debug|Any CPU.Build.0 = Debug|Any CPU
		{51A89E8B-3C98-4D47-B48D-4CA665AEF833}.Release|Any CPU.ActiveCfg = Release|Any CPU
		{51A89E8B-3C98-4D47-B48D-4CA665AEF833}.Release|Any CPU.Build.0 = Release|Any CPU
		{EF0D661D-028A-4B49-8821-233DA76F41F6}.Debug|Any CPU.ActiveCfg = Debug|Any CPU
		{EF0D661D-028A-4B49-8821-233DA76F41F6}.Debug|Any CPU.Build.0 = Debug|Any CPU
		{EF0D661D-028A-4B49-8821-233DA76F41F6}.Release|Any CPU.ActiveCfg = Release|Any CPU
		{EF0D661D-028A-4B49-8821-233DA76F41F6}.Release|Any CPU.Build.0 = Release|Any CPU
		{3500E605-2B09-43C0-B840-20F4361DDF3D}.Debug|Any CPU.ActiveCfg = Debug|Any CPU
		{3500E605-2B09-43C0-B840-20F4361DDF3D}.Debug|Any CPU.Build.0 = Debug|Any CPU
		{3500E605-2B09-43C0-B840-20F4361DDF3D}.Release|Any CPU.ActiveCfg = Release|Any CPU
		{3500E605-2B09-43C0-B840-20F4361DDF3D}.Release|Any CPU.Build.0 = Release|Any CPU
		{1C04981D-8E3F-4B2C-B9E2-8F4AEBFD379F}.Debug|Any CPU.ActiveCfg = Debug|Any CPU
		{1C04981D-8E3F-4B2C-B9E2-8F4AEBFD379F}.Debug|Any CPU.Build.0 = Debug|Any CPU
		{1C04981D-8E3F-4B2C-B9E2-8F4AEBFD379F}.Release|Any CPU.ActiveCfg = Release|Any CPU
		{1C04981D-8E3F-4B2C-B9E2-8F4AEBFD379F}.Release|Any CPU.Build.0 = Release|Any CPU
		{B258DC47-A46F-4C53-99DF-A8DEDE81F7D5}.Debug|Any CPU.ActiveCfg = Debug|Any CPU
		{B258DC47-A46F-4C53-99DF-A8DEDE81F7D5}.Debug|Any CPU.Build.0 = Debug|Any CPU
		{B258DC47-A46F-4C53-99DF-A8DEDE81F7D5}.Release|Any CPU.ActiveCfg = Release|Any CPU
		{B258DC47-A46F-4C53-99DF-A8DEDE81F7D5}.Release|Any CPU.Build.0 = Release|Any CPU
		{B0268B65-50BB-47BF-B798-0B04DCCF6A64}.Debug|Any CPU.ActiveCfg = Debug|Any CPU
		{B0268B65-50BB-47BF-B798-0B04DCCF6A64}.Debug|Any CPU.Build.0 = Debug|Any CPU
		{B0268B65-50BB-47BF-B798-0B04DCCF6A64}.Release|Any CPU.ActiveCfg = Release|Any CPU
		{B0268B65-50BB-47BF-B798-0B04DCCF6A64}.Release|Any CPU.Build.0 = Release|Any CPU
		{96549CFF-BE53-4C80-A0E1-CBA086C2D497}.Debug|Any CPU.ActiveCfg = Debug|Any CPU
		{96549CFF-BE53-4C80-A0E1-CBA086C2D497}.Debug|Any CPU.Build.0 = Debug|Any CPU
		{96549CFF-BE53-4C80-A0E1-CBA086C2D497}.Release|Any CPU.ActiveCfg = Release|Any CPU
		{96549CFF-BE53-4C80-A0E1-CBA086C2D497}.Release|Any CPU.Build.0 = Release|Any CPU
		{A59BF064-A8DF-41D1-88F0-F254EB352834}.Debug|Any CPU.ActiveCfg = Debug|Any CPU
		{A59BF064-A8DF-41D1-88F0-F254EB352834}.Debug|Any CPU.Build.0 = Debug|Any CPU
		{A59BF064-A8DF-41D1-88F0-F254EB352834}.Release|Any CPU.ActiveCfg = Release|Any CPU
		{A59BF064-A8DF-41D1-88F0-F254EB352834}.Release|Any CPU.Build.0 = Release|Any CPU
		{718ACBE7-4611-45E1-97ED-BE6CC3F7A7AC}.Debug|Any CPU.ActiveCfg = Debug|Any CPU
		{718ACBE7-4611-45E1-97ED-BE6CC3F7A7AC}.Debug|Any CPU.Build.0 = Debug|Any CPU
		{718ACBE7-4611-45E1-97ED-BE6CC3F7A7AC}.Release|Any CPU.ActiveCfg = Release|Any CPU
		{718ACBE7-4611-45E1-97ED-BE6CC3F7A7AC}.Release|Any CPU.Build.0 = Release|Any CPU
		{8E1B4198-955B-4E3C-ABC1-4D841B332B77}.Debug|Any CPU.ActiveCfg = Debug|Any CPU
		{8E1B4198-955B-4E3C-ABC1-4D841B332B77}.Debug|Any CPU.Build.0 = Debug|Any CPU
		{8E1B4198-955B-4E3C-ABC1-4D841B332B77}.Release|Any CPU.ActiveCfg = Release|Any CPU
		{8E1B4198-955B-4E3C-ABC1-4D841B332B77}.Release|Any CPU.Build.0 = Release|Any CPU
		{7D467CA3-E65D-42A4-8149-A2247C7CCF34}.Debug|Any CPU.ActiveCfg = Debug|Any CPU
		{7D467CA3-E65D-42A4-8149-A2247C7CCF34}.Debug|Any CPU.Build.0 = Debug|Any CPU
		{7D467CA3-E65D-42A4-8149-A2247C7CCF34}.Release|Any CPU.ActiveCfg = Release|Any CPU
		{7D467CA3-E65D-42A4-8149-A2247C7CCF34}.Release|Any CPU.Build.0 = Release|Any CPU
		{4446C6A5-51FD-4B45-A08B-498176CB71F0}.Debug|Any CPU.ActiveCfg = Debug|Any CPU
		{4446C6A5-51FD-4B45-A08B-498176CB71F0}.Debug|Any CPU.Build.0 = Debug|Any CPU
		{4446C6A5-51FD-4B45-A08B-498176CB71F0}.Release|Any CPU.ActiveCfg = Release|Any CPU
		{4446C6A5-51FD-4B45-A08B-498176CB71F0}.Release|Any CPU.Build.0 = Release|Any CPU
		{9A07C740-5CB3-49A4-9422-EDE3BB2A7D22}.Debug|Any CPU.ActiveCfg = Debug|Any CPU
		{9A07C740-5CB3-49A4-9422-EDE3BB2A7D22}.Debug|Any CPU.Build.0 = Debug|Any CPU
		{9A07C740-5CB3-49A4-9422-EDE3BB2A7D22}.Release|Any CPU.ActiveCfg = Release|Any CPU
		{9A07C740-5CB3-49A4-9422-EDE3BB2A7D22}.Release|Any CPU.Build.0 = Release|Any CPU
		{0EDFDEAF-4DC4-441E-B3B9-8DC20495105C}.Debug|Any CPU.ActiveCfg = Debug|Any CPU
		{0EDFDEAF-4DC4-441E-B3B9-8DC20495105C}.Debug|Any CPU.Build.0 = Debug|Any CPU
		{0EDFDEAF-4DC4-441E-B3B9-8DC20495105C}.Release|Any CPU.ActiveCfg = Release|Any CPU
		{0EDFDEAF-4DC4-441E-B3B9-8DC20495105C}.Release|Any CPU.Build.0 = Release|Any CPU
		{3162A36E-F7D2-4A11-9DEA-7C0961397999}.Debug|Any CPU.ActiveCfg = Debug|Any CPU
		{3162A36E-F7D2-4A11-9DEA-7C0961397999}.Debug|Any CPU.Build.0 = Debug|Any CPU
		{3162A36E-F7D2-4A11-9DEA-7C0961397999}.Release|Any CPU.ActiveCfg = Release|Any CPU
		{3162A36E-F7D2-4A11-9DEA-7C0961397999}.Release|Any CPU.Build.0 = Release|Any CPU
		{47767EDE-A74B-4849-A149-1CAA28001AAE}.Debug|Any CPU.ActiveCfg = Debug|Any CPU
		{47767EDE-A74B-4849-A149-1CAA28001AAE}.Debug|Any CPU.Build.0 = Debug|Any CPU
		{47767EDE-A74B-4849-A149-1CAA28001AAE}.Release|Any CPU.ActiveCfg = Release|Any CPU
		{47767EDE-A74B-4849-A149-1CAA28001AAE}.Release|Any CPU.Build.0 = Release|Any CPU
		{4A4A8399-09A5-48A0-8C78-CD36A6B8F313}.Debug|Any CPU.ActiveCfg = Debug|Any CPU
		{4A4A8399-09A5-48A0-8C78-CD36A6B8F313}.Debug|Any CPU.Build.0 = Debug|Any CPU
		{4A4A8399-09A5-48A0-8C78-CD36A6B8F313}.Release|Any CPU.ActiveCfg = Release|Any CPU
		{4A4A8399-09A5-48A0-8C78-CD36A6B8F313}.Release|Any CPU.Build.0 = Release|Any CPU
		{2AC85A6A-B0E7-4786-B7CF-47C913B3230F}.Debug|Any CPU.ActiveCfg = Debug|Any CPU
		{2AC85A6A-B0E7-4786-B7CF-47C913B3230F}.Debug|Any CPU.Build.0 = Debug|Any CPU
		{2AC85A6A-B0E7-4786-B7CF-47C913B3230F}.Release|Any CPU.ActiveCfg = Release|Any CPU
		{2AC85A6A-B0E7-4786-B7CF-47C913B3230F}.Release|Any CPU.Build.0 = Release|Any CPU
		{F3FA5708-FE50-4B16-AE81-C7AF74BB26A2}.Debug|Any CPU.ActiveCfg = Debug|Any CPU
		{F3FA5708-FE50-4B16-AE81-C7AF74BB26A2}.Debug|Any CPU.Build.0 = Debug|Any CPU
		{F3FA5708-FE50-4B16-AE81-C7AF74BB26A2}.Release|Any CPU.ActiveCfg = Release|Any CPU
		{F3FA5708-FE50-4B16-AE81-C7AF74BB26A2}.Release|Any CPU.Build.0 = Release|Any CPU
		{AD42D6AD-396A-4D65-B186-0EC5666CCCF2}.Debug|Any CPU.ActiveCfg = Debug|Any CPU
		{AD42D6AD-396A-4D65-B186-0EC5666CCCF2}.Debug|Any CPU.Build.0 = Debug|Any CPU
		{AD42D6AD-396A-4D65-B186-0EC5666CCCF2}.Release|Any CPU.ActiveCfg = Release|Any CPU
		{AD42D6AD-396A-4D65-B186-0EC5666CCCF2}.Release|Any CPU.Build.0 = Release|Any CPU
		{19D0ACE9-4A95-47A3-A9B4-3184B5559321}.Debug|Any CPU.ActiveCfg = Debug|Any CPU
		{19D0ACE9-4A95-47A3-A9B4-3184B5559321}.Debug|Any CPU.Build.0 = Debug|Any CPU
		{19D0ACE9-4A95-47A3-A9B4-3184B5559321}.Release|Any CPU.ActiveCfg = Release|Any CPU
		{19D0ACE9-4A95-47A3-A9B4-3184B5559321}.Release|Any CPU.Build.0 = Release|Any CPU
		{35980423-0DF6-4D5F-A8BF-9D57EE14B5BE}.Debug|Any CPU.ActiveCfg = Debug|Any CPU
		{35980423-0DF6-4D5F-A8BF-9D57EE14B5BE}.Debug|Any CPU.Build.0 = Debug|Any CPU
		{35980423-0DF6-4D5F-A8BF-9D57EE14B5BE}.Release|Any CPU.ActiveCfg = Release|Any CPU
		{35980423-0DF6-4D5F-A8BF-9D57EE14B5BE}.Release|Any CPU.Build.0 = Release|Any CPU
		{476F837D-B3B0-4903-BC7F-56418A5AF1FD}.Debug|Any CPU.ActiveCfg = Debug|Any CPU
		{476F837D-B3B0-4903-BC7F-56418A5AF1FD}.Debug|Any CPU.Build.0 = Debug|Any CPU
		{476F837D-B3B0-4903-BC7F-56418A5AF1FD}.Release|Any CPU.ActiveCfg = Release|Any CPU
		{476F837D-B3B0-4903-BC7F-56418A5AF1FD}.Release|Any CPU.Build.0 = Release|Any CPU
		{4F89A5A5-7B7B-40AF-BE72-67631174F044}.Debug|Any CPU.ActiveCfg = Debug|Any CPU
		{4F89A5A5-7B7B-40AF-BE72-67631174F044}.Debug|Any CPU.Build.0 = Debug|Any CPU
		{4F89A5A5-7B7B-40AF-BE72-67631174F044}.Release|Any CPU.ActiveCfg = Release|Any CPU
		{4F89A5A5-7B7B-40AF-BE72-67631174F044}.Release|Any CPU.Build.0 = Release|Any CPU
		{4AA1D5F5-A36A-455F-8176-EF30130ECE65}.Debug|Any CPU.ActiveCfg = Debug|Any CPU
		{4AA1D5F5-A36A-455F-8176-EF30130ECE65}.Debug|Any CPU.Build.0 = Debug|Any CPU
		{4AA1D5F5-A36A-455F-8176-EF30130ECE65}.Release|Any CPU.ActiveCfg = Release|Any CPU
		{4AA1D5F5-A36A-455F-8176-EF30130ECE65}.Release|Any CPU.Build.0 = Release|Any CPU
		{3F28E9C7-FABC-483B-9EA6-8061BAA5B5D7}.Debug|Any CPU.ActiveCfg = Debug|Any CPU
		{3F28E9C7-FABC-483B-9EA6-8061BAA5B5D7}.Debug|Any CPU.Build.0 = Debug|Any CPU
		{3F28E9C7-FABC-483B-9EA6-8061BAA5B5D7}.Release|Any CPU.ActiveCfg = Release|Any CPU
		{3F28E9C7-FABC-483B-9EA6-8061BAA5B5D7}.Release|Any CPU.Build.0 = Release|Any CPU
		{B2D848BA-9538-45E3-9F9D-35937CDECB7A}.Debug|Any CPU.ActiveCfg = Debug|Any CPU
		{B2D848BA-9538-45E3-9F9D-35937CDECB7A}.Debug|Any CPU.Build.0 = Debug|Any CPU
		{B2D848BA-9538-45E3-9F9D-35937CDECB7A}.Release|Any CPU.ActiveCfg = Release|Any CPU
		{B2D848BA-9538-45E3-9F9D-35937CDECB7A}.Release|Any CPU.Build.0 = Release|Any CPU
		{DB7176F0-88E5-4885-B068-41E7B6751892}.Debug|Any CPU.ActiveCfg = Debug|Any CPU
		{DB7176F0-88E5-4885-B068-41E7B6751892}.Debug|Any CPU.Build.0 = Debug|Any CPU
		{DB7176F0-88E5-4885-B068-41E7B6751892}.Release|Any CPU.ActiveCfg = Release|Any CPU
		{DB7176F0-88E5-4885-B068-41E7B6751892}.Release|Any CPU.Build.0 = Release|Any CPU
		{F7D047DF-9C40-4D6B-B654-C34C14995F92}.Debug|Any CPU.ActiveCfg = Debug|Any CPU
		{F7D047DF-9C40-4D6B-B654-C34C14995F92}.Debug|Any CPU.Build.0 = Debug|Any CPU
		{F7D047DF-9C40-4D6B-B654-C34C14995F92}.Release|Any CPU.ActiveCfg = Release|Any CPU
		{F7D047DF-9C40-4D6B-B654-C34C14995F92}.Release|Any CPU.Build.0 = Release|Any CPU
		{907FEB7A-E784-45CF-A5F8-CF3320A1C126}.Debug|Any CPU.ActiveCfg = Debug|Any CPU
		{907FEB7A-E784-45CF-A5F8-CF3320A1C126}.Debug|Any CPU.Build.0 = Debug|Any CPU
		{907FEB7A-E784-45CF-A5F8-CF3320A1C126}.Release|Any CPU.ActiveCfg = Release|Any CPU
		{907FEB7A-E784-45CF-A5F8-CF3320A1C126}.Release|Any CPU.Build.0 = Release|Any CPU
		{F4863F2B-7A90-42A0-A23B-CBEC729EC3D3}.Debug|Any CPU.ActiveCfg = Debug|Any CPU
		{F4863F2B-7A90-42A0-A23B-CBEC729EC3D3}.Debug|Any CPU.Build.0 = Debug|Any CPU
		{F4863F2B-7A90-42A0-A23B-CBEC729EC3D3}.Release|Any CPU.ActiveCfg = Release|Any CPU
		{F4863F2B-7A90-42A0-A23B-CBEC729EC3D3}.Release|Any CPU.Build.0 = Release|Any CPU
	EndGlobalSection
	GlobalSection(SolutionProperties) = preSolution
		HideSolutionNode = FALSE
	EndGlobalSection
	GlobalSection(NestedProjects) = preSolution
		{A3EE6F6D-1B1D-49A4-998A-BDADF7FA8046} = {0D76E2D5-E024-415E-9C28-D52600CCFE5E}
		{51CED495-5A91-4209-AEE8-A6AEE4DF64EA} = {D2572AC4-083E-4C75-B25D-A969F76B63E2}
		{3ADBBB40-72C8-493A-868C-7096F5C458D2} = {D2572AC4-083E-4C75-B25D-A969F76B63E2}
		{612B4D5D-3B78-4E8F-8E9E-1171C9DF5D20} = {D2572AC4-083E-4C75-B25D-A969F76B63E2}
		{FB42EE55-D632-413B-8FBC-9EE6F37C5125} = {97630F4B-ECF7-493A-BB47-00B09CD6207C}
		{9B808F21-B972-4BEA-881A-2EFA81C35B44} = {FB42EE55-D632-413B-8FBC-9EE6F37C5125}
		{A99B9156-4E59-434E-A500-FBC46A658309} = {FB42EE55-D632-413B-8FBC-9EE6F37C5125}
		{40BE360F-D79F-47F8-89B4-468EE2196F9E} = {FB42EE55-D632-413B-8FBC-9EE6F37C5125}
		{D36A481C-44C5-4B46-9985-E00F8C0AF5AD} = {FB42EE55-D632-413B-8FBC-9EE6F37C5125}
		{02D1A7C2-6B62-47D8-8433-E5433A5B0244} = {FB42EE55-D632-413B-8FBC-9EE6F37C5125}
		{4D1EB939-A0A9-4023-9732-23479FE7F186} = {FB42EE55-D632-413B-8FBC-9EE6F37C5125}
		{A5722C3B-0FB2-4426-8E32-C6CB4FE3D50E} = {FB42EE55-D632-413B-8FBC-9EE6F37C5125}
		{C347EC54-B6E4-433A-95A8-7C5530FB8C3A} = {FB42EE55-D632-413B-8FBC-9EE6F37C5125}
		{D3A2D253-7B2D-4D27-AE47-CF8310E36CD6} = {FB42EE55-D632-413B-8FBC-9EE6F37C5125}
		{80C1202A-276C-493E-821E-9DB63164F2BE} = {97630F4B-ECF7-493A-BB47-00B09CD6207C}
		{51A89E8B-3C98-4D47-B48D-4CA665AEF833} = {80C1202A-276C-493E-821E-9DB63164F2BE}
		{EF0D661D-028A-4B49-8821-233DA76F41F6} = {80C1202A-276C-493E-821E-9DB63164F2BE}
		{3500E605-2B09-43C0-B840-20F4361DDF3D} = {80C1202A-276C-493E-821E-9DB63164F2BE}
		{1C04981D-8E3F-4B2C-B9E2-8F4AEBFD379F} = {80C1202A-276C-493E-821E-9DB63164F2BE}
		{B258DC47-A46F-4C53-99DF-A8DEDE81F7D5} = {80C1202A-276C-493E-821E-9DB63164F2BE}
		{B0268B65-50BB-47BF-B798-0B04DCCF6A64} = {80C1202A-276C-493E-821E-9DB63164F2BE}
		{96549CFF-BE53-4C80-A0E1-CBA086C2D497} = {80C1202A-276C-493E-821E-9DB63164F2BE}
		{A59BF064-A8DF-41D1-88F0-F254EB352834} = {80C1202A-276C-493E-821E-9DB63164F2BE}
		{718ACBE7-4611-45E1-97ED-BE6CC3F7A7AC} = {80C1202A-276C-493E-821E-9DB63164F2BE}
		{8E1B4198-955B-4E3C-ABC1-4D841B332B77} = {80C1202A-276C-493E-821E-9DB63164F2BE}
		{87929773-9D37-4086-8F1E-6CD507EB2AED} = {97630F4B-ECF7-493A-BB47-00B09CD6207C}
		{7D467CA3-E65D-42A4-8149-A2247C7CCF34} = {87929773-9D37-4086-8F1E-6CD507EB2AED}
		{4446C6A5-51FD-4B45-A08B-498176CB71F0} = {87929773-9D37-4086-8F1E-6CD507EB2AED}
		{9A07C740-5CB3-49A4-9422-EDE3BB2A7D22} = {87929773-9D37-4086-8F1E-6CD507EB2AED}
		{0EDFDEAF-4DC4-441E-B3B9-8DC20495105C} = {87929773-9D37-4086-8F1E-6CD507EB2AED}
		{3162A36E-F7D2-4A11-9DEA-7C0961397999} = {B7ABF1B7-9417-4762-8EE3-AE1548F3C2DB}
		{47767EDE-A74B-4849-A149-1CAA28001AAE} = {B7ABF1B7-9417-4762-8EE3-AE1548F3C2DB}
		{4A4A8399-09A5-48A0-8C78-CD36A6B8F313} = {B7ABF1B7-9417-4762-8EE3-AE1548F3C2DB}
		{2AC85A6A-B0E7-4786-B7CF-47C913B3230F} = {B7ABF1B7-9417-4762-8EE3-AE1548F3C2DB}
		{F3FA5708-FE50-4B16-AE81-C7AF74BB26A2} = {B7ABF1B7-9417-4762-8EE3-AE1548F3C2DB}
		{AD42D6AD-396A-4D65-B186-0EC5666CCCF2} = {B7ABF1B7-9417-4762-8EE3-AE1548F3C2DB}
		{19D0ACE9-4A95-47A3-A9B4-3184B5559321} = {B7ABF1B7-9417-4762-8EE3-AE1548F3C2DB}
		{35980423-0DF6-4D5F-A8BF-9D57EE14B5BE} = {B7ABF1B7-9417-4762-8EE3-AE1548F3C2DB}
		{476F837D-B3B0-4903-BC7F-56418A5AF1FD} = {B7ABF1B7-9417-4762-8EE3-AE1548F3C2DB}
		{4F89A5A5-7B7B-40AF-BE72-67631174F044} = {B7ABF1B7-9417-4762-8EE3-AE1548F3C2DB}
		{4AA1D5F5-A36A-455F-8176-EF30130ECE65} = {B7ABF1B7-9417-4762-8EE3-AE1548F3C2DB}
		{3F28E9C7-FABC-483B-9EA6-8061BAA5B5D7} = {B7ABF1B7-9417-4762-8EE3-AE1548F3C2DB}
		{B2D848BA-9538-45E3-9F9D-35937CDECB7A} = {B7ABF1B7-9417-4762-8EE3-AE1548F3C2DB}
		{DB7176F0-88E5-4885-B068-41E7B6751892} = {B7ABF1B7-9417-4762-8EE3-AE1548F3C2DB}
		{F7D047DF-9C40-4D6B-B654-C34C14995F92} = {6F28DB45-987D-4EBF-B44C-5B2DF6F617F2}
		{907FEB7A-E784-45CF-A5F8-CF3320A1C126} = {6F28DB45-987D-4EBF-B44C-5B2DF6F617F2}
		{F4863F2B-7A90-42A0-A23B-CBEC729EC3D3} = {6F28DB45-987D-4EBF-B44C-5B2DF6F617F2}
	EndGlobalSection
	GlobalSection(ExtensibilityGlobals) = postSolution
		SolutionGuid = {C5DA5397-E6DE-4CB0-AB7D-C319C3759CBC}
	EndGlobalSection
EndGlobal
