
Microsoft Visual Studio Solution File, Format Version 12.00
# Visual Studio Version 16
VisualStudioVersion = 16.0.31229.75
MinimumVisualStudioVersion = 10.0.40219.1
Project("{2150E333-8FDC-42A3-9474-1A3956D46DE8}") = ".github", ".github", "{0D76E2D5-E024-415E-9C28-D52600CCFE5E}"
EndProject
Project("{2150E333-8FDC-42A3-9474-1A3956D46DE8}") = "workflows", "workflows", "{A3EE6F6D-1B1D-49A4-998A-BDADF7FA8046}"
	ProjectSection(SolutionItems) = preProject
		.github\workflows\build-and-test.yml = .github\workflows\build-and-test.yml
	EndProjectSection
EndProject
Project("{2150E333-8FDC-42A3-9474-1A3956D46DE8}") = "_SolutionItems", "_SolutionItems", "{0DB12858-8B23-472E-B636-A70122EA9936}"
	ProjectSection(SolutionItems) = preProject
		.editorconfig = .editorconfig
		.gitattributes = .gitattributes
		.gitignore = .gitignore
		_build.bat = _build.bat
		_test.bat = _test.bat
		Directory.Build.props = Directory.Build.props
		NuGet.Config = NuGet.Config
	EndProjectSection
EndProject
Project("{2150E333-8FDC-42A3-9474-1A3956D46DE8}") = "build", "build", "{D2572AC4-083E-4C75-B25D-A969F76B63E2}"
EndProject
Project("{2150E333-8FDC-42A3-9474-1A3956D46DE8}") = "props", "props", "{51CED495-5A91-4209-AEE8-A6AEE4DF64EA}"
	ProjectSection(SolutionItems) = preProject
		build\props\IntegrationTests.props = build\props\IntegrationTests.props
		build\props\Source.props = build\props\Source.props
		build\props\UnitTests.props = build\props\UnitTests.props
	EndProjectSection
EndProject
Project("{2150E333-8FDC-42A3-9474-1A3956D46DE8}") = "scripts", "scripts", "{3ADBBB40-72C8-493A-868C-7096F5C458D2}"
	ProjectSection(SolutionItems) = preProject
		build\scripts\build.ps1 = build\scripts\build.ps1
		build\scripts\test.ps1 = build\scripts\test.ps1
	EndProjectSection
EndProject
Project("{2150E333-8FDC-42A3-9474-1A3956D46DE8}") = "targets", "targets", "{612B4D5D-3B78-4E8F-8E9E-1171C9DF5D20}"
	ProjectSection(SolutionItems) = preProject
		build\targets\Analyzers.Debug.targets = build\targets\Analyzers.Debug.targets
	EndProjectSection
EndProject
Project("{2150E333-8FDC-42A3-9474-1A3956D46DE8}") = "docs", "docs", "{05DDD811-94E9-4A43-A0D8-9883539CA6E7}"
	ProjectSection(SolutionItems) = preProject
		docs\filler.md = docs\filler.md
	EndProjectSection
EndProject
Project("{2150E333-8FDC-42A3-9474-1A3956D46DE8}") = "samples", "samples", "{97630F4B-ECF7-493A-BB47-00B09CD6207C}"
EndProject
Project("{2150E333-8FDC-42A3-9474-1A3956D46DE8}") = "Applications", "Applications", "{41ACE19E-C07B-4B1D-A281-B5194470B31A}"
EndProject
Project("{9A19103F-16F7-4668-BE54-9A1E7A4F7556}") = "DotNetDBTools.SampleBusinessLogicLib.Agnostic", "samples\Applications\DotNetDBTools.SampleBusinessLogicLib.Agnostic\DotNetDBTools.SampleBusinessLogicLib.Agnostic.csproj", "{9B808F21-B972-4BEA-881A-2EFA81C35B44}"
EndProject
Project("{9A19103F-16F7-4668-BE54-9A1E7A4F7556}") = "DotNetDBTools.SampleBusinessLogicOnlyApp.SQLite", "samples\Applications\DotNetDBTools.SampleBusinessLogicOnlyApp.SQLite\DotNetDBTools.SampleBusinessLogicOnlyApp.SQLite.csproj", "{02D1A7C2-6B62-47D8-8433-E5433A5B0244}"
EndProject
Project("{9A19103F-16F7-4668-BE54-9A1E7A4F7556}") = "DotNetDBTools.SampleBusinessLogicOnlyApp.MSSQL", "samples\Applications\DotNetDBTools.SampleBusinessLogicOnlyApp.MSSQL\DotNetDBTools.SampleBusinessLogicOnlyApp.MSSQL.csproj", "{A99B9156-4E59-434E-A500-FBC46A658309}"
EndProject
Project("{9A19103F-16F7-4668-BE54-9A1E7A4F7556}") = "DotNetDBTools.SampleDeployTool.MSSQL", "samples\Applications\DotNetDBTools.SampleDeployTool.MSSQL\DotNetDBTools.SampleDeployTool.MSSQL.csproj", "{7D467CA3-E65D-42A4-8149-A2247C7CCF34}"
	ProjectSection(ProjectDependencies) = postProject
		{EF0D661D-028A-4B49-8821-233DA76F41F6} = {EF0D661D-028A-4B49-8821-233DA76F41F6}
		{B63D5A6E-4F4C-4B1B-B2E4-A1DE2411FF1D} = {B63D5A6E-4F4C-4B1B-B2E4-A1DE2411FF1D}
		{51A89E8B-3C98-4D47-B48D-4CA665AEF833} = {51A89E8B-3C98-4D47-B48D-4CA665AEF833}
	EndProjectSection
EndProject
Project("{9A19103F-16F7-4668-BE54-9A1E7A4F7556}") = "DotNetDBTools.SampleDeployTool.SQLite", "samples\Applications\DotNetDBTools.SampleDeployTool.SQLite\DotNetDBTools.SampleDeployTool.SQLite.csproj", "{0EDFDEAF-4DC4-441E-B3B9-8DC20495105C}"
	ProjectSection(ProjectDependencies) = postProject
		{B258DC47-A46F-4C53-99DF-A8DEDE81F7D5} = {B258DC47-A46F-4C53-99DF-A8DEDE81F7D5}
		{B63D5A6E-4F4C-4B1B-B2E4-A1DE2411FF1D} = {B63D5A6E-4F4C-4B1B-B2E4-A1DE2411FF1D}
		{51A89E8B-3C98-4D47-B48D-4CA665AEF833} = {51A89E8B-3C98-4D47-B48D-4CA665AEF833}
	EndProjectSection
EndProject
Project("{9A19103F-16F7-4668-BE54-9A1E7A4F7556}") = "DotNetDBTools.SampleSelfUpdatingApp.SQLite", "samples\Applications\DotNetDBTools.SampleSelfUpdatingApp.SQLite\DotNetDBTools.SampleSelfUpdatingApp.SQLite.csproj", "{D3A2D253-7B2D-4D27-AE47-CF8310E36CD6}"
	ProjectSection(ProjectDependencies) = postProject
		{B63D5A6E-4F4C-4B1B-B2E4-A1DE2411FF1D} = {B63D5A6E-4F4C-4B1B-B2E4-A1DE2411FF1D}
	EndProjectSection
EndProject
Project("{9A19103F-16F7-4668-BE54-9A1E7A4F7556}") = "DotNetDBTools.SampleSelfUpdatingApp.MSSQL", "samples\Applications\DotNetDBTools.SampleSelfUpdatingApp.MSSQL\DotNetDBTools.SampleSelfUpdatingApp.MSSQL.csproj", "{4D1EB939-A0A9-4023-9732-23479FE7F186}"
	ProjectSection(ProjectDependencies) = postProject
		{B63D5A6E-4F4C-4B1B-B2E4-A1DE2411FF1D} = {B63D5A6E-4F4C-4B1B-B2E4-A1DE2411FF1D}
	EndProjectSection
EndProject
Project("{2150E333-8FDC-42A3-9474-1A3956D46DE8}") = "Databases", "Databases", "{AC1A0D15-D230-49FE-AABF-9FCBE505A459}"
EndProject
Project("{9A19103F-16F7-4668-BE54-9A1E7A4F7556}") = "DotNetDBTools.SampleDB.Agnostic", "samples\Databases\DotNetDBTools.SampleDB.Agnostic\DotNetDBTools.SampleDB.Agnostic.csproj", "{51A89E8B-3C98-4D47-B48D-4CA665AEF833}"
	ProjectSection(ProjectDependencies) = postProject
		{C6DCE261-E327-4C8B-81C5-7C14723E4B27} = {C6DCE261-E327-4C8B-81C5-7C14723E4B27}
		{B2D848BA-9538-45E3-9F9D-35937CDECB7A} = {B2D848BA-9538-45E3-9F9D-35937CDECB7A}
	EndProjectSection
EndProject
Project("{9A19103F-16F7-4668-BE54-9A1E7A4F7556}") = "DotNetDBTools.SampleDB.MSSQL", "samples\Databases\DotNetDBTools.SampleDB.MSSQL\DotNetDBTools.SampleDB.MSSQL.csproj", "{EF0D661D-028A-4B49-8821-233DA76F41F6}"
	ProjectSection(ProjectDependencies) = postProject
		{C6DCE261-E327-4C8B-81C5-7C14723E4B27} = {C6DCE261-E327-4C8B-81C5-7C14723E4B27}
		{B2D848BA-9538-45E3-9F9D-35937CDECB7A} = {B2D848BA-9538-45E3-9F9D-35937CDECB7A}
	EndProjectSection
EndProject
Project("{9A19103F-16F7-4668-BE54-9A1E7A4F7556}") = "DotNetDBTools.SampleDB.SQLite", "samples\Databases\DotNetDBTools.SampleDB.SQLite\DotNetDBTools.SampleDB.SQLite.csproj", "{B258DC47-A46F-4C53-99DF-A8DEDE81F7D5}"
	ProjectSection(ProjectDependencies) = postProject
		{C6DCE261-E327-4C8B-81C5-7C14723E4B27} = {C6DCE261-E327-4C8B-81C5-7C14723E4B27}
		{B2D848BA-9538-45E3-9F9D-35937CDECB7A} = {B2D848BA-9538-45E3-9F9D-35937CDECB7A}
	EndProjectSection
EndProject
Project("{2150E333-8FDC-42A3-9474-1A3956D46DE8}") = "src", "src", "{B7ABF1B7-9417-4762-8EE3-AE1548F3C2DB}"
EndProject
Project("{2150E333-8FDC-42A3-9474-1A3956D46DE8}") = "Analysis", "Analysis", "{B1993ADA-533E-4268-8898-4595F8996181}"
EndProject
Project("{9A19103F-16F7-4668-BE54-9A1E7A4F7556}") = "DotNetDBTools.Analysis", "src\Analysis\DotNetDBTools.Analysis\DotNetDBTools.Analysis.csproj", "{3162A36E-F7D2-4A11-9DEA-7C0961397999}"
EndProject
Project("{9A19103F-16F7-4668-BE54-9A1E7A4F7556}") = "DotNetDBTools.Analysis.Agnostic", "src\Analysis\DotNetDBTools.Analysis.Agnostic\DotNetDBTools.Analysis.Agnostic.csproj", "{278AFF3C-1F53-4DE8-865B-F9F132A3E34E}"
EndProject
Project("{9A19103F-16F7-4668-BE54-9A1E7A4F7556}") = "DotNetDBTools.Analysis.MSSQL", "src\Analysis\DotNetDBTools.Analysis.MSSQL\DotNetDBTools.Analysis.MSSQL.csproj", "{84F13A5B-E168-46B1-9665-DBE2B1E6FBF5}"
EndProject
Project("{9A19103F-16F7-4668-BE54-9A1E7A4F7556}") = "DotNetDBTools.Analysis.SQLite", "src\Analysis\DotNetDBTools.Analysis.SQLite\DotNetDBTools.Analysis.SQLite.csproj", "{A8AD95BE-2555-4A31-8EE3-754DA759CB47}"
EndProject
Project("{2150E333-8FDC-42A3-9474-1A3956D46DE8}") = "Definition", "Definition", "{9B6A84E4-0279-4539-8CC2-E04DE2255935}"
EndProject
Project("{9A19103F-16F7-4668-BE54-9A1E7A4F7556}") = "DotNetDBTools.Definition", "src\Definition\DotNetDBTools.Definition\DotNetDBTools.Definition.csproj", "{4A4A8399-09A5-48A0-8C78-CD36A6B8F313}"
EndProject
Project("{9A19103F-16F7-4668-BE54-9A1E7A4F7556}") = "DotNetDBTools.Definition.Agnostic", "src\Definition\DotNetDBTools.Definition.Agnostic\DotNetDBTools.Definition.Agnostic.csproj", "{47767EDE-A74B-4849-A149-1CAA28001AAE}"
EndProject
Project("{9A19103F-16F7-4668-BE54-9A1E7A4F7556}") = "DotNetDBTools.Definition.MSSQL", "src\Definition\DotNetDBTools.Definition.MSSQL\DotNetDBTools.Definition.MSSQL.csproj", "{2AC85A6A-B0E7-4786-B7CF-47C913B3230F}"
EndProject
Project("{9A19103F-16F7-4668-BE54-9A1E7A4F7556}") = "DotNetDBTools.Definition.SQLite", "src\Definition\DotNetDBTools.Definition.SQLite\DotNetDBTools.Definition.SQLite.csproj", "{19D0ACE9-4A95-47A3-A9B4-3184B5559321}"
EndProject
Project("{9A19103F-16F7-4668-BE54-9A1E7A4F7556}") = "DotNetDBTools.DefinitionParser", "src\Definition\DotNetDBTools.DefinitionParser\DotNetDBTools.DefinitionParser.csproj", "{4F89A5A5-7B7B-40AF-BE72-67631174F044}"
EndProject
Project("{9A19103F-16F7-4668-BE54-9A1E7A4F7556}") = "DotNetDBTools.DefinitionParser.Agnostic", "src\Definition\DotNetDBTools.DefinitionParser.Agnostic\DotNetDBTools.DefinitionParser.Agnostic.csproj", "{33A8C9B9-5B76-4478-933D-6B661C92CEC7}"
EndProject
Project("{9A19103F-16F7-4668-BE54-9A1E7A4F7556}") = "DotNetDBTools.DefinitionParser.MSSQL", "src\Definition\DotNetDBTools.DefinitionParser.MSSQL\DotNetDBTools.DefinitionParser.MSSQL.csproj", "{F5AEE891-544E-489B-BDA5-7BB228087EC1}"
EndProject
Project("{9A19103F-16F7-4668-BE54-9A1E7A4F7556}") = "DotNetDBTools.DefinitionParser.SQLite", "src\Definition\DotNetDBTools.DefinitionParser.SQLite\DotNetDBTools.DefinitionParser.SQLite.csproj", "{B644DCBB-BE28-4D73-BFAC-EEBB98A76531}"
EndProject
Project("{2150E333-8FDC-42A3-9474-1A3956D46DE8}") = "Deploy", "Deploy", "{797CEA24-C93C-4A3B-9F4D-3BEF47F13D66}"
EndProject
Project("{9A19103F-16F7-4668-BE54-9A1E7A4F7556}") = "DotNetDBTools.Deploy", "src\Deploy\DotNetDBTools.Deploy\DotNetDBTools.Deploy.csproj", "{4AA1D5F5-A36A-455F-8176-EF30130ECE65}"
EndProject
Project("{9A19103F-16F7-4668-BE54-9A1E7A4F7556}") = "DotNetDBTools.Deploy.MSSQL", "src\Deploy\DotNetDBTools.Deploy.MSSQL\DotNetDBTools.Deploy.MSSQL.csproj", "{91567283-D247-479B-B061-3BC4CDEB6641}"
EndProject
Project("{9A19103F-16F7-4668-BE54-9A1E7A4F7556}") = "DotNetDBTools.Deploy.SQLite", "src\Deploy\DotNetDBTools.Deploy.SQLite\DotNetDBTools.Deploy.SQLite.csproj", "{AAC8315E-34BC-4BCD-9038-7CF093347A66}"
EndProject
Project("{9A19103F-16F7-4668-BE54-9A1E7A4F7556}") = "DotNetDBTools.DeployInteractor", "src\Deploy\DotNetDBTools.DeployInteractor\DotNetDBTools.DeployInteractor.csproj", "{27123B57-EB6C-4ADC-A11E-0F8D6727F658}"
EndProject
Project("{9A19103F-16F7-4668-BE54-9A1E7A4F7556}") = "DotNetDBTools.DeployInteractor.MSSQL", "src\Deploy\DotNetDBTools.DeployInteractor.MSSQL\DotNetDBTools.DeployInteractor.MSSQL.csproj", "{F8746578-7C17-43EA-A2F9-B68AE03ED80D}"
EndProject
Project("{9A19103F-16F7-4668-BE54-9A1E7A4F7556}") = "DotNetDBTools.DeployInteractor.SQLite", "src\Deploy\DotNetDBTools.DeployInteractor.SQLite\DotNetDBTools.DeployInteractor.SQLite.csproj", "{6146DF21-F3CF-4E92-A3E7-59B00F9F78C6}"
EndProject
Project("{2150E333-8FDC-42A3-9474-1A3956D46DE8}") = "Description", "Description", "{587318F3-49D1-4DD0-BCDB-18EB156B8727}"
EndProject
Project("{9A19103F-16F7-4668-BE54-9A1E7A4F7556}") = "DotNetDBTools.Description", "src\Description\DotNetDBTools.Description\DotNetDBTools.Description.csproj", "{3F28E9C7-FABC-483B-9EA6-8061BAA5B5D7}"
EndProject
Project("{9A19103F-16F7-4668-BE54-9A1E7A4F7556}") = "DotNetDBTools.Description.Agnostic", "src\Description\DotNetDBTools.Description.Agnostic\DotNetDBTools.Description.Agnostic.csproj", "{D38BEA11-FF64-4A5E-9814-878543139434}"
EndProject
Project("{9A19103F-16F7-4668-BE54-9A1E7A4F7556}") = "DotNetDBTools.Description.MSSQL", "src\Description\DotNetDBTools.Description.MSSQL\DotNetDBTools.Description.MSSQL.csproj", "{03DD99D4-347F-4553-885E-578ED17FA950}"
EndProject
Project("{9A19103F-16F7-4668-BE54-9A1E7A4F7556}") = "DotNetDBTools.Description.SQLite", "src\Description\DotNetDBTools.Description.SQLite\DotNetDBTools.Description.SQLite.csproj", "{4FD088A7-F920-464B-85C0-505172CA16CA}"
EndProject
Project("{2150E333-8FDC-42A3-9474-1A3956D46DE8}") = "Models", "Models", "{E88B71EE-FB14-4E6B-8F75-950861300BDE}"
EndProject
Project("{9A19103F-16F7-4668-BE54-9A1E7A4F7556}") = "DotNetDBTools.Models", "src\Models\DotNetDBTools.Models\DotNetDBTools.Models.csproj", "{DB7176F0-88E5-4885-B068-41E7B6751892}"
EndProject
Project("{9A19103F-16F7-4668-BE54-9A1E7A4F7556}") = "DotNetDBTools.Models.Agnostic", "src\Models\DotNetDBTools.Models.Agnostic\DotNetDBTools.Models.Agnostic.csproj", "{2749435D-F25D-45EF-9E1F-32FC575B9715}"
EndProject
Project("{9A19103F-16F7-4668-BE54-9A1E7A4F7556}") = "DotNetDBTools.Models.MSSQL", "src\Models\DotNetDBTools.Models.MSSQL\DotNetDBTools.Models.MSSQL.csproj", "{499D9D57-B6C5-4A67-B7F5-C81D013651DD}"
EndProject
Project("{9A19103F-16F7-4668-BE54-9A1E7A4F7556}") = "DotNetDBTools.Models.SQLite", "src\Models\DotNetDBTools.Models.SQLite\DotNetDBTools.Models.SQLite.csproj", "{4AA40808-CD95-43FF-89F6-67EC0601A294}"
EndProject
Project("{2150E333-8FDC-42A3-9474-1A3956D46DE8}") = "Tools", "Tools", "{29DF0A20-7246-433A-BF21-7514CDBF421D}"
EndProject
Project("{9A19103F-16F7-4668-BE54-9A1E7A4F7556}") = "DotNetDBTools.DbDefinitionAbstractions", "src\Tools\DotNetDBTools.DbDefinitionAbstractions\DotNetDBTools.DbDefinitionAbstractions.csproj", "{C6DCE261-E327-4C8B-81C5-7C14723E4B27}"
EndProject
Project("{9A19103F-16F7-4668-BE54-9A1E7A4F7556}") = "DotNetDBTools.DbDeployTools", "src\Tools\DotNetDBTools.DbDeployTools\DotNetDBTools.DbDeployTools.csproj", "{B63D5A6E-4F4C-4B1B-B2E4-A1DE2411FF1D}"
EndProject
Project("{9A19103F-16F7-4668-BE54-9A1E7A4F7556}") = "DotNetDBTools.DbDescriptionGenerator", "src\Tools\DotNetDBTools.DbDescriptionGenerator\DotNetDBTools.DbDescriptionGenerator.csproj", "{B2D848BA-9538-45E3-9F9D-35937CDECB7A}"
EndProject
Project("{2150E333-8FDC-42A3-9474-1A3956D46DE8}") = "tests", "tests", "{6F28DB45-987D-4EBF-B44C-5B2DF6F617F2}"
EndProject
Project("{2150E333-8FDC-42A3-9474-1A3956D46DE8}") = "Integration", "Integration", "{0424EBC8-2436-4706-9A34-7BC87469172D}"
EndProject
Project("{9A19103F-16F7-4668-BE54-9A1E7A4F7556}") = "DotNetDBTools.IntegrationTests.MSSQL", "tests\Integration\DotNetDBTools.IntegrationTests.MSSQL\DotNetDBTools.IntegrationTests.MSSQL.csproj", "{907FEB7A-E784-45CF-A5F8-CF3320A1C126}"
	ProjectSection(ProjectDependencies) = postProject
		{EF0D661D-028A-4B49-8821-233DA76F41F6} = {EF0D661D-028A-4B49-8821-233DA76F41F6}
		{4D1EB939-A0A9-4023-9732-23479FE7F186} = {4D1EB939-A0A9-4023-9732-23479FE7F186}
		{A99B9156-4E59-434E-A500-FBC46A658309} = {A99B9156-4E59-434E-A500-FBC46A658309}
		{51A89E8B-3C98-4D47-B48D-4CA665AEF833} = {51A89E8B-3C98-4D47-B48D-4CA665AEF833}
		{7D467CA3-E65D-42A4-8149-A2247C7CCF34} = {7D467CA3-E65D-42A4-8149-A2247C7CCF34}
	EndProjectSection
EndProject
Project("{9A19103F-16F7-4668-BE54-9A1E7A4F7556}") = "DotNetDBTools.IntegrationTests.SQLite", "tests\Integration\DotNetDBTools.IntegrationTests.SQLite\DotNetDBTools.IntegrationTests.SQLite.csproj", "{AED8D65C-A544-43FE-98F7-64B32DA56C7F}"
	ProjectSection(ProjectDependencies) = postProject
		{B258DC47-A46F-4C53-99DF-A8DEDE81F7D5} = {B258DC47-A46F-4C53-99DF-A8DEDE81F7D5}
		{D3A2D253-7B2D-4D27-AE47-CF8310E36CD6} = {D3A2D253-7B2D-4D27-AE47-CF8310E36CD6}
		{51A89E8B-3C98-4D47-B48D-4CA665AEF833} = {51A89E8B-3C98-4D47-B48D-4CA665AEF833}
		{0EDFDEAF-4DC4-441E-B3B9-8DC20495105C} = {0EDFDEAF-4DC4-441E-B3B9-8DC20495105C}
		{02D1A7C2-6B62-47D8-8433-E5433A5B0244} = {02D1A7C2-6B62-47D8-8433-E5433A5B0244}
	EndProjectSection
EndProject
Project("{2150E333-8FDC-42A3-9474-1A3956D46DE8}") = "Unit", "Unit", "{32235A86-4AC9-4877-A4BD-0019348F38DC}"
EndProject
Project("{9A19103F-16F7-4668-BE54-9A1E7A4F7556}") = "DotNetDBTools.UnitTests.Common", "tests\Unit\DotNetDBTools.UnitTests.Common\DotNetDBTools.UnitTests.Common.csproj", "{F4863F2B-7A90-42A0-A23B-CBEC729EC3D3}"
EndProject
Project("{9A19103F-16F7-4668-BE54-9A1E7A4F7556}") = "DotNetDBTools.UnitTests.MSSQL", "tests\Unit\DotNetDBTools.UnitTests.MSSQL\DotNetDBTools.UnitTests.MSSQL.csproj", "{46FA5087-68BB-4537-825D-C7CB714F4C3E}"
EndProject
Project("{9A19103F-16F7-4668-BE54-9A1E7A4F7556}") = "DotNetDBTools.UnitTests.SQLite", "tests\Unit\DotNetDBTools.UnitTests.SQLite\DotNetDBTools.UnitTests.SQLite.csproj", "{7582F557-B43B-4117-9B37-61ADC1C1BE87}"
EndProject
Project("{2150E333-8FDC-42A3-9474-1A3956D46DE8}") = "Utils", "Utils", "{0E56EE5B-6AA5-4159-8C7B-4C38ED4B2EF7}"
EndProject
Project("{9A19103F-16F7-4668-BE54-9A1E7A4F7556}") = "DotNetDBTools.TestsUtils", "tests\Utils\DotNetDBTools.TestsUtils\DotNetDBTools.TestsUtils.csproj", "{95C3E092-EA35-486F-BB55-BC0F3764F19D}"
EndProject
Global
	GlobalSection(SolutionConfigurationPlatforms) = preSolution
		Debug|Any CPU = Debug|Any CPU
		Release|Any CPU = Release|Any CPU
	EndGlobalSection
	GlobalSection(ProjectConfigurationPlatforms) = postSolution
		{9B808F21-B972-4BEA-881A-2EFA81C35B44}.Debug|Any CPU.ActiveCfg = Debug|Any CPU
		{9B808F21-B972-4BEA-881A-2EFA81C35B44}.Debug|Any CPU.Build.0 = Debug|Any CPU
		{9B808F21-B972-4BEA-881A-2EFA81C35B44}.Release|Any CPU.ActiveCfg = Release|Any CPU
		{9B808F21-B972-4BEA-881A-2EFA81C35B44}.Release|Any CPU.Build.0 = Release|Any CPU
		{02D1A7C2-6B62-47D8-8433-E5433A5B0244}.Debug|Any CPU.ActiveCfg = Debug|Any CPU
		{02D1A7C2-6B62-47D8-8433-E5433A5B0244}.Debug|Any CPU.Build.0 = Debug|Any CPU
		{02D1A7C2-6B62-47D8-8433-E5433A5B0244}.Release|Any CPU.ActiveCfg = Release|Any CPU
		{02D1A7C2-6B62-47D8-8433-E5433A5B0244}.Release|Any CPU.Build.0 = Release|Any CPU
		{A99B9156-4E59-434E-A500-FBC46A658309}.Debug|Any CPU.ActiveCfg = Debug|Any CPU
		{A99B9156-4E59-434E-A500-FBC46A658309}.Debug|Any CPU.Build.0 = Debug|Any CPU
		{A99B9156-4E59-434E-A500-FBC46A658309}.Release|Any CPU.ActiveCfg = Release|Any CPU
		{A99B9156-4E59-434E-A500-FBC46A658309}.Release|Any CPU.Build.0 = Release|Any CPU
		{7D467CA3-E65D-42A4-8149-A2247C7CCF34}.Debug|Any CPU.ActiveCfg = Debug|Any CPU
		{7D467CA3-E65D-42A4-8149-A2247C7CCF34}.Debug|Any CPU.Build.0 = Debug|Any CPU
		{7D467CA3-E65D-42A4-8149-A2247C7CCF34}.Release|Any CPU.ActiveCfg = Release|Any CPU
		{7D467CA3-E65D-42A4-8149-A2247C7CCF34}.Release|Any CPU.Build.0 = Release|Any CPU
		{0EDFDEAF-4DC4-441E-B3B9-8DC20495105C}.Debug|Any CPU.ActiveCfg = Debug|Any CPU
		{0EDFDEAF-4DC4-441E-B3B9-8DC20495105C}.Debug|Any CPU.Build.0 = Debug|Any CPU
		{0EDFDEAF-4DC4-441E-B3B9-8DC20495105C}.Release|Any CPU.ActiveCfg = Release|Any CPU
		{0EDFDEAF-4DC4-441E-B3B9-8DC20495105C}.Release|Any CPU.Build.0 = Release|Any CPU
		{D3A2D253-7B2D-4D27-AE47-CF8310E36CD6}.Debug|Any CPU.ActiveCfg = Debug|Any CPU
		{D3A2D253-7B2D-4D27-AE47-CF8310E36CD6}.Debug|Any CPU.Build.0 = Debug|Any CPU
		{D3A2D253-7B2D-4D27-AE47-CF8310E36CD6}.Release|Any CPU.ActiveCfg = Release|Any CPU
		{D3A2D253-7B2D-4D27-AE47-CF8310E36CD6}.Release|Any CPU.Build.0 = Release|Any CPU
		{4D1EB939-A0A9-4023-9732-23479FE7F186}.Debug|Any CPU.ActiveCfg = Debug|Any CPU
		{4D1EB939-A0A9-4023-9732-23479FE7F186}.Debug|Any CPU.Build.0 = Debug|Any CPU
		{4D1EB939-A0A9-4023-9732-23479FE7F186}.Release|Any CPU.ActiveCfg = Release|Any CPU
		{4D1EB939-A0A9-4023-9732-23479FE7F186}.Release|Any CPU.Build.0 = Release|Any CPU
		{51A89E8B-3C98-4D47-B48D-4CA665AEF833}.Debug|Any CPU.ActiveCfg = Debug|Any CPU
		{51A89E8B-3C98-4D47-B48D-4CA665AEF833}.Debug|Any CPU.Build.0 = Debug|Any CPU
		{51A89E8B-3C98-4D47-B48D-4CA665AEF833}.Release|Any CPU.ActiveCfg = Release|Any CPU
		{51A89E8B-3C98-4D47-B48D-4CA665AEF833}.Release|Any CPU.Build.0 = Release|Any CPU
		{EF0D661D-028A-4B49-8821-233DA76F41F6}.Debug|Any CPU.ActiveCfg = Debug|Any CPU
		{EF0D661D-028A-4B49-8821-233DA76F41F6}.Debug|Any CPU.Build.0 = Debug|Any CPU
		{EF0D661D-028A-4B49-8821-233DA76F41F6}.Release|Any CPU.ActiveCfg = Release|Any CPU
		{EF0D661D-028A-4B49-8821-233DA76F41F6}.Release|Any CPU.Build.0 = Release|Any CPU
		{B258DC47-A46F-4C53-99DF-A8DEDE81F7D5}.Debug|Any CPU.ActiveCfg = Debug|Any CPU
		{B258DC47-A46F-4C53-99DF-A8DEDE81F7D5}.Debug|Any CPU.Build.0 = Debug|Any CPU
		{B258DC47-A46F-4C53-99DF-A8DEDE81F7D5}.Release|Any CPU.ActiveCfg = Release|Any CPU
		{B258DC47-A46F-4C53-99DF-A8DEDE81F7D5}.Release|Any CPU.Build.0 = Release|Any CPU
		{3162A36E-F7D2-4A11-9DEA-7C0961397999}.Debug|Any CPU.ActiveCfg = Debug|Any CPU
		{3162A36E-F7D2-4A11-9DEA-7C0961397999}.Debug|Any CPU.Build.0 = Debug|Any CPU
		{3162A36E-F7D2-4A11-9DEA-7C0961397999}.Release|Any CPU.ActiveCfg = Release|Any CPU
		{3162A36E-F7D2-4A11-9DEA-7C0961397999}.Release|Any CPU.Build.0 = Release|Any CPU
		{278AFF3C-1F53-4DE8-865B-F9F132A3E34E}.Debug|Any CPU.ActiveCfg = Debug|Any CPU
		{278AFF3C-1F53-4DE8-865B-F9F132A3E34E}.Debug|Any CPU.Build.0 = Debug|Any CPU
		{278AFF3C-1F53-4DE8-865B-F9F132A3E34E}.Release|Any CPU.ActiveCfg = Release|Any CPU
		{278AFF3C-1F53-4DE8-865B-F9F132A3E34E}.Release|Any CPU.Build.0 = Release|Any CPU
		{84F13A5B-E168-46B1-9665-DBE2B1E6FBF5}.Debug|Any CPU.ActiveCfg = Debug|Any CPU
		{84F13A5B-E168-46B1-9665-DBE2B1E6FBF5}.Debug|Any CPU.Build.0 = Debug|Any CPU
		{84F13A5B-E168-46B1-9665-DBE2B1E6FBF5}.Release|Any CPU.ActiveCfg = Release|Any CPU
		{84F13A5B-E168-46B1-9665-DBE2B1E6FBF5}.Release|Any CPU.Build.0 = Release|Any CPU
		{A8AD95BE-2555-4A31-8EE3-754DA759CB47}.Debug|Any CPU.ActiveCfg = Debug|Any CPU
		{A8AD95BE-2555-4A31-8EE3-754DA759CB47}.Debug|Any CPU.Build.0 = Debug|Any CPU
		{A8AD95BE-2555-4A31-8EE3-754DA759CB47}.Release|Any CPU.ActiveCfg = Release|Any CPU
		{A8AD95BE-2555-4A31-8EE3-754DA759CB47}.Release|Any CPU.Build.0 = Release|Any CPU
		{4A4A8399-09A5-48A0-8C78-CD36A6B8F313}.Debug|Any CPU.ActiveCfg = Debug|Any CPU
		{4A4A8399-09A5-48A0-8C78-CD36A6B8F313}.Debug|Any CPU.Build.0 = Debug|Any CPU
		{4A4A8399-09A5-48A0-8C78-CD36A6B8F313}.Release|Any CPU.ActiveCfg = Release|Any CPU
		{4A4A8399-09A5-48A0-8C78-CD36A6B8F313}.Release|Any CPU.Build.0 = Release|Any CPU
		{47767EDE-A74B-4849-A149-1CAA28001AAE}.Debug|Any CPU.ActiveCfg = Debug|Any CPU
		{47767EDE-A74B-4849-A149-1CAA28001AAE}.Debug|Any CPU.Build.0 = Debug|Any CPU
		{47767EDE-A74B-4849-A149-1CAA28001AAE}.Release|Any CPU.ActiveCfg = Release|Any CPU
		{47767EDE-A74B-4849-A149-1CAA28001AAE}.Release|Any CPU.Build.0 = Release|Any CPU
		{2AC85A6A-B0E7-4786-B7CF-47C913B3230F}.Debug|Any CPU.ActiveCfg = Debug|Any CPU
		{2AC85A6A-B0E7-4786-B7CF-47C913B3230F}.Debug|Any CPU.Build.0 = Debug|Any CPU
		{2AC85A6A-B0E7-4786-B7CF-47C913B3230F}.Release|Any CPU.ActiveCfg = Release|Any CPU
		{2AC85A6A-B0E7-4786-B7CF-47C913B3230F}.Release|Any CPU.Build.0 = Release|Any CPU
		{19D0ACE9-4A95-47A3-A9B4-3184B5559321}.Debug|Any CPU.ActiveCfg = Debug|Any CPU
		{19D0ACE9-4A95-47A3-A9B4-3184B5559321}.Debug|Any CPU.Build.0 = Debug|Any CPU
		{19D0ACE9-4A95-47A3-A9B4-3184B5559321}.Release|Any CPU.ActiveCfg = Release|Any CPU
		{19D0ACE9-4A95-47A3-A9B4-3184B5559321}.Release|Any CPU.Build.0 = Release|Any CPU
		{4F89A5A5-7B7B-40AF-BE72-67631174F044}.Debug|Any CPU.ActiveCfg = Debug|Any CPU
		{4F89A5A5-7B7B-40AF-BE72-67631174F044}.Debug|Any CPU.Build.0 = Debug|Any CPU
		{4F89A5A5-7B7B-40AF-BE72-67631174F044}.Release|Any CPU.ActiveCfg = Release|Any CPU
		{4F89A5A5-7B7B-40AF-BE72-67631174F044}.Release|Any CPU.Build.0 = Release|Any CPU
		{33A8C9B9-5B76-4478-933D-6B661C92CEC7}.Debug|Any CPU.ActiveCfg = Debug|Any CPU
		{33A8C9B9-5B76-4478-933D-6B661C92CEC7}.Debug|Any CPU.Build.0 = Debug|Any CPU
		{33A8C9B9-5B76-4478-933D-6B661C92CEC7}.Release|Any CPU.ActiveCfg = Release|Any CPU
		{33A8C9B9-5B76-4478-933D-6B661C92CEC7}.Release|Any CPU.Build.0 = Release|Any CPU
		{F5AEE891-544E-489B-BDA5-7BB228087EC1}.Debug|Any CPU.ActiveCfg = Debug|Any CPU
		{F5AEE891-544E-489B-BDA5-7BB228087EC1}.Debug|Any CPU.Build.0 = Debug|Any CPU
		{F5AEE891-544E-489B-BDA5-7BB228087EC1}.Release|Any CPU.ActiveCfg = Release|Any CPU
		{F5AEE891-544E-489B-BDA5-7BB228087EC1}.Release|Any CPU.Build.0 = Release|Any CPU
		{B644DCBB-BE28-4D73-BFAC-EEBB98A76531}.Debug|Any CPU.ActiveCfg = Debug|Any CPU
		{B644DCBB-BE28-4D73-BFAC-EEBB98A76531}.Debug|Any CPU.Build.0 = Debug|Any CPU
		{B644DCBB-BE28-4D73-BFAC-EEBB98A76531}.Release|Any CPU.ActiveCfg = Release|Any CPU
		{B644DCBB-BE28-4D73-BFAC-EEBB98A76531}.Release|Any CPU.Build.0 = Release|Any CPU
		{4AA1D5F5-A36A-455F-8176-EF30130ECE65}.Debug|Any CPU.ActiveCfg = Debug|Any CPU
		{4AA1D5F5-A36A-455F-8176-EF30130ECE65}.Debug|Any CPU.Build.0 = Debug|Any CPU
		{4AA1D5F5-A36A-455F-8176-EF30130ECE65}.Release|Any CPU.ActiveCfg = Release|Any CPU
		{4AA1D5F5-A36A-455F-8176-EF30130ECE65}.Release|Any CPU.Build.0 = Release|Any CPU
		{91567283-D247-479B-B061-3BC4CDEB6641}.Debug|Any CPU.ActiveCfg = Debug|Any CPU
		{91567283-D247-479B-B061-3BC4CDEB6641}.Debug|Any CPU.Build.0 = Debug|Any CPU
		{91567283-D247-479B-B061-3BC4CDEB6641}.Release|Any CPU.ActiveCfg = Release|Any CPU
		{91567283-D247-479B-B061-3BC4CDEB6641}.Release|Any CPU.Build.0 = Release|Any CPU
		{AAC8315E-34BC-4BCD-9038-7CF093347A66}.Debug|Any CPU.ActiveCfg = Debug|Any CPU
		{AAC8315E-34BC-4BCD-9038-7CF093347A66}.Debug|Any CPU.Build.0 = Debug|Any CPU
		{AAC8315E-34BC-4BCD-9038-7CF093347A66}.Release|Any CPU.ActiveCfg = Release|Any CPU
		{AAC8315E-34BC-4BCD-9038-7CF093347A66}.Release|Any CPU.Build.0 = Release|Any CPU
		{27123B57-EB6C-4ADC-A11E-0F8D6727F658}.Debug|Any CPU.ActiveCfg = Debug|Any CPU
		{27123B57-EB6C-4ADC-A11E-0F8D6727F658}.Debug|Any CPU.Build.0 = Debug|Any CPU
		{27123B57-EB6C-4ADC-A11E-0F8D6727F658}.Release|Any CPU.ActiveCfg = Release|Any CPU
		{27123B57-EB6C-4ADC-A11E-0F8D6727F658}.Release|Any CPU.Build.0 = Release|Any CPU
		{F8746578-7C17-43EA-A2F9-B68AE03ED80D}.Debug|Any CPU.ActiveCfg = Debug|Any CPU
		{F8746578-7C17-43EA-A2F9-B68AE03ED80D}.Debug|Any CPU.Build.0 = Debug|Any CPU
		{F8746578-7C17-43EA-A2F9-B68AE03ED80D}.Release|Any CPU.ActiveCfg = Release|Any CPU
		{F8746578-7C17-43EA-A2F9-B68AE03ED80D}.Release|Any CPU.Build.0 = Release|Any CPU
		{6146DF21-F3CF-4E92-A3E7-59B00F9F78C6}.Debug|Any CPU.ActiveCfg = Debug|Any CPU
		{6146DF21-F3CF-4E92-A3E7-59B00F9F78C6}.Debug|Any CPU.Build.0 = Debug|Any CPU
		{6146DF21-F3CF-4E92-A3E7-59B00F9F78C6}.Release|Any CPU.ActiveCfg = Release|Any CPU
		{6146DF21-F3CF-4E92-A3E7-59B00F9F78C6}.Release|Any CPU.Build.0 = Release|Any CPU
		{3F28E9C7-FABC-483B-9EA6-8061BAA5B5D7}.Debug|Any CPU.ActiveCfg = Debug|Any CPU
		{3F28E9C7-FABC-483B-9EA6-8061BAA5B5D7}.Debug|Any CPU.Build.0 = Debug|Any CPU
		{3F28E9C7-FABC-483B-9EA6-8061BAA5B5D7}.Release|Any CPU.ActiveCfg = Release|Any CPU
		{3F28E9C7-FABC-483B-9EA6-8061BAA5B5D7}.Release|Any CPU.Build.0 = Release|Any CPU
		{D38BEA11-FF64-4A5E-9814-878543139434}.Debug|Any CPU.ActiveCfg = Debug|Any CPU
		{D38BEA11-FF64-4A5E-9814-878543139434}.Debug|Any CPU.Build.0 = Debug|Any CPU
		{D38BEA11-FF64-4A5E-9814-878543139434}.Release|Any CPU.ActiveCfg = Release|Any CPU
		{D38BEA11-FF64-4A5E-9814-878543139434}.Release|Any CPU.Build.0 = Release|Any CPU
		{03DD99D4-347F-4553-885E-578ED17FA950}.Debug|Any CPU.ActiveCfg = Debug|Any CPU
		{03DD99D4-347F-4553-885E-578ED17FA950}.Debug|Any CPU.Build.0 = Debug|Any CPU
		{03DD99D4-347F-4553-885E-578ED17FA950}.Release|Any CPU.ActiveCfg = Release|Any CPU
		{03DD99D4-347F-4553-885E-578ED17FA950}.Release|Any CPU.Build.0 = Release|Any CPU
		{4FD088A7-F920-464B-85C0-505172CA16CA}.Debug|Any CPU.ActiveCfg = Debug|Any CPU
		{4FD088A7-F920-464B-85C0-505172CA16CA}.Debug|Any CPU.Build.0 = Debug|Any CPU
		{4FD088A7-F920-464B-85C0-505172CA16CA}.Release|Any CPU.ActiveCfg = Release|Any CPU
		{4FD088A7-F920-464B-85C0-505172CA16CA}.Release|Any CPU.Build.0 = Release|Any CPU
		{DB7176F0-88E5-4885-B068-41E7B6751892}.Debug|Any CPU.ActiveCfg = Debug|Any CPU
		{DB7176F0-88E5-4885-B068-41E7B6751892}.Debug|Any CPU.Build.0 = Debug|Any CPU
		{DB7176F0-88E5-4885-B068-41E7B6751892}.Release|Any CPU.ActiveCfg = Release|Any CPU
		{DB7176F0-88E5-4885-B068-41E7B6751892}.Release|Any CPU.Build.0 = Release|Any CPU
		{2749435D-F25D-45EF-9E1F-32FC575B9715}.Debug|Any CPU.ActiveCfg = Debug|Any CPU
		{2749435D-F25D-45EF-9E1F-32FC575B9715}.Debug|Any CPU.Build.0 = Debug|Any CPU
		{2749435D-F25D-45EF-9E1F-32FC575B9715}.Release|Any CPU.ActiveCfg = Release|Any CPU
		{2749435D-F25D-45EF-9E1F-32FC575B9715}.Release|Any CPU.Build.0 = Release|Any CPU
		{499D9D57-B6C5-4A67-B7F5-C81D013651DD}.Debug|Any CPU.ActiveCfg = Debug|Any CPU
		{499D9D57-B6C5-4A67-B7F5-C81D013651DD}.Debug|Any CPU.Build.0 = Debug|Any CPU
		{499D9D57-B6C5-4A67-B7F5-C81D013651DD}.Release|Any CPU.ActiveCfg = Release|Any CPU
		{499D9D57-B6C5-4A67-B7F5-C81D013651DD}.Release|Any CPU.Build.0 = Release|Any CPU
		{4AA40808-CD95-43FF-89F6-67EC0601A294}.Debug|Any CPU.ActiveCfg = Debug|Any CPU
		{4AA40808-CD95-43FF-89F6-67EC0601A294}.Debug|Any CPU.Build.0 = Debug|Any CPU
		{4AA40808-CD95-43FF-89F6-67EC0601A294}.Release|Any CPU.ActiveCfg = Release|Any CPU
		{4AA40808-CD95-43FF-89F6-67EC0601A294}.Release|Any CPU.Build.0 = Release|Any CPU
		{C6DCE261-E327-4C8B-81C5-7C14723E4B27}.Debug|Any CPU.ActiveCfg = Debug|Any CPU
		{C6DCE261-E327-4C8B-81C5-7C14723E4B27}.Debug|Any CPU.Build.0 = Debug|Any CPU
		{C6DCE261-E327-4C8B-81C5-7C14723E4B27}.Release|Any CPU.ActiveCfg = Release|Any CPU
		{C6DCE261-E327-4C8B-81C5-7C14723E4B27}.Release|Any CPU.Build.0 = Release|Any CPU
		{B63D5A6E-4F4C-4B1B-B2E4-A1DE2411FF1D}.Debug|Any CPU.ActiveCfg = Debug|Any CPU
		{B63D5A6E-4F4C-4B1B-B2E4-A1DE2411FF1D}.Debug|Any CPU.Build.0 = Debug|Any CPU
		{B63D5A6E-4F4C-4B1B-B2E4-A1DE2411FF1D}.Release|Any CPU.ActiveCfg = Release|Any CPU
		{B63D5A6E-4F4C-4B1B-B2E4-A1DE2411FF1D}.Release|Any CPU.Build.0 = Release|Any CPU
		{B2D848BA-9538-45E3-9F9D-35937CDECB7A}.Debug|Any CPU.ActiveCfg = Debug|Any CPU
		{B2D848BA-9538-45E3-9F9D-35937CDECB7A}.Debug|Any CPU.Build.0 = Debug|Any CPU
		{B2D848BA-9538-45E3-9F9D-35937CDECB7A}.Release|Any CPU.ActiveCfg = Release|Any CPU
		{B2D848BA-9538-45E3-9F9D-35937CDECB7A}.Release|Any CPU.Build.0 = Release|Any CPU
		{907FEB7A-E784-45CF-A5F8-CF3320A1C126}.Debug|Any CPU.ActiveCfg = Debug|Any CPU
		{907FEB7A-E784-45CF-A5F8-CF3320A1C126}.Debug|Any CPU.Build.0 = Debug|Any CPU
		{907FEB7A-E784-45CF-A5F8-CF3320A1C126}.Release|Any CPU.ActiveCfg = Release|Any CPU
		{907FEB7A-E784-45CF-A5F8-CF3320A1C126}.Release|Any CPU.Build.0 = Release|Any CPU
		{AED8D65C-A544-43FE-98F7-64B32DA56C7F}.Debug|Any CPU.ActiveCfg = Debug|Any CPU
		{AED8D65C-A544-43FE-98F7-64B32DA56C7F}.Debug|Any CPU.Build.0 = Debug|Any CPU
		{AED8D65C-A544-43FE-98F7-64B32DA56C7F}.Release|Any CPU.ActiveCfg = Release|Any CPU
		{AED8D65C-A544-43FE-98F7-64B32DA56C7F}.Release|Any CPU.Build.0 = Release|Any CPU
		{F4863F2B-7A90-42A0-A23B-CBEC729EC3D3}.Debug|Any CPU.ActiveCfg = Debug|Any CPU
		{F4863F2B-7A90-42A0-A23B-CBEC729EC3D3}.Debug|Any CPU.Build.0 = Debug|Any CPU
		{F4863F2B-7A90-42A0-A23B-CBEC729EC3D3}.Release|Any CPU.ActiveCfg = Release|Any CPU
		{F4863F2B-7A90-42A0-A23B-CBEC729EC3D3}.Release|Any CPU.Build.0 = Release|Any CPU
		{46FA5087-68BB-4537-825D-C7CB714F4C3E}.Debug|Any CPU.ActiveCfg = Debug|Any CPU
		{46FA5087-68BB-4537-825D-C7CB714F4C3E}.Debug|Any CPU.Build.0 = Debug|Any CPU
		{46FA5087-68BB-4537-825D-C7CB714F4C3E}.Release|Any CPU.ActiveCfg = Release|Any CPU
		{46FA5087-68BB-4537-825D-C7CB714F4C3E}.Release|Any CPU.Build.0 = Release|Any CPU
		{7582F557-B43B-4117-9B37-61ADC1C1BE87}.Debug|Any CPU.ActiveCfg = Debug|Any CPU
		{7582F557-B43B-4117-9B37-61ADC1C1BE87}.Debug|Any CPU.Build.0 = Debug|Any CPU
		{7582F557-B43B-4117-9B37-61ADC1C1BE87}.Release|Any CPU.ActiveCfg = Release|Any CPU
		{7582F557-B43B-4117-9B37-61ADC1C1BE87}.Release|Any CPU.Build.0 = Release|Any CPU
		{95C3E092-EA35-486F-BB55-BC0F3764F19D}.Debug|Any CPU.ActiveCfg = Debug|Any CPU
		{95C3E092-EA35-486F-BB55-BC0F3764F19D}.Debug|Any CPU.Build.0 = Debug|Any CPU
		{95C3E092-EA35-486F-BB55-BC0F3764F19D}.Release|Any CPU.ActiveCfg = Release|Any CPU
		{95C3E092-EA35-486F-BB55-BC0F3764F19D}.Release|Any CPU.Build.0 = Release|Any CPU
	EndGlobalSection
	GlobalSection(SolutionProperties) = preSolution
		HideSolutionNode = FALSE
	EndGlobalSection
	GlobalSection(NestedProjects) = preSolution
		{A3EE6F6D-1B1D-49A4-998A-BDADF7FA8046} = {0D76E2D5-E024-415E-9C28-D52600CCFE5E}
		{51CED495-5A91-4209-AEE8-A6AEE4DF64EA} = {D2572AC4-083E-4C75-B25D-A969F76B63E2}
		{3ADBBB40-72C8-493A-868C-7096F5C458D2} = {D2572AC4-083E-4C75-B25D-A969F76B63E2}
		{612B4D5D-3B78-4E8F-8E9E-1171C9DF5D20} = {D2572AC4-083E-4C75-B25D-A969F76B63E2}
		{41ACE19E-C07B-4B1D-A281-B5194470B31A} = {97630F4B-ECF7-493A-BB47-00B09CD6207C}
		{9B808F21-B972-4BEA-881A-2EFA81C35B44} = {41ACE19E-C07B-4B1D-A281-B5194470B31A}
		{02D1A7C2-6B62-47D8-8433-E5433A5B0244} = {41ACE19E-C07B-4B1D-A281-B5194470B31A}
		{A99B9156-4E59-434E-A500-FBC46A658309} = {41ACE19E-C07B-4B1D-A281-B5194470B31A}
		{7D467CA3-E65D-42A4-8149-A2247C7CCF34} = {41ACE19E-C07B-4B1D-A281-B5194470B31A}
		{0EDFDEAF-4DC4-441E-B3B9-8DC20495105C} = {41ACE19E-C07B-4B1D-A281-B5194470B31A}
		{D3A2D253-7B2D-4D27-AE47-CF8310E36CD6} = {41ACE19E-C07B-4B1D-A281-B5194470B31A}
		{4D1EB939-A0A9-4023-9732-23479FE7F186} = {41ACE19E-C07B-4B1D-A281-B5194470B31A}
		{AC1A0D15-D230-49FE-AABF-9FCBE505A459} = {97630F4B-ECF7-493A-BB47-00B09CD6207C}
		{51A89E8B-3C98-4D47-B48D-4CA665AEF833} = {AC1A0D15-D230-49FE-AABF-9FCBE505A459}
		{EF0D661D-028A-4B49-8821-233DA76F41F6} = {AC1A0D15-D230-49FE-AABF-9FCBE505A459}
		{B258DC47-A46F-4C53-99DF-A8DEDE81F7D5} = {AC1A0D15-D230-49FE-AABF-9FCBE505A459}
		{B1993ADA-533E-4268-8898-4595F8996181} = {B7ABF1B7-9417-4762-8EE3-AE1548F3C2DB}
		{3162A36E-F7D2-4A11-9DEA-7C0961397999} = {B1993ADA-533E-4268-8898-4595F8996181}
		{278AFF3C-1F53-4DE8-865B-F9F132A3E34E} = {B1993ADA-533E-4268-8898-4595F8996181}
		{84F13A5B-E168-46B1-9665-DBE2B1E6FBF5} = {B1993ADA-533E-4268-8898-4595F8996181}
		{A8AD95BE-2555-4A31-8EE3-754DA759CB47} = {B1993ADA-533E-4268-8898-4595F8996181}
		{9B6A84E4-0279-4539-8CC2-E04DE2255935} = {B7ABF1B7-9417-4762-8EE3-AE1548F3C2DB}
		{4A4A8399-09A5-48A0-8C78-CD36A6B8F313} = {9B6A84E4-0279-4539-8CC2-E04DE2255935}
		{47767EDE-A74B-4849-A149-1CAA28001AAE} = {9B6A84E4-0279-4539-8CC2-E04DE2255935}
		{2AC85A6A-B0E7-4786-B7CF-47C913B3230F} = {9B6A84E4-0279-4539-8CC2-E04DE2255935}
		{19D0ACE9-4A95-47A3-A9B4-3184B5559321} = {9B6A84E4-0279-4539-8CC2-E04DE2255935}
		{4F89A5A5-7B7B-40AF-BE72-67631174F044} = {9B6A84E4-0279-4539-8CC2-E04DE2255935}
		{33A8C9B9-5B76-4478-933D-6B661C92CEC7} = {9B6A84E4-0279-4539-8CC2-E04DE2255935}
		{F5AEE891-544E-489B-BDA5-7BB228087EC1} = {9B6A84E4-0279-4539-8CC2-E04DE2255935}
		{B644DCBB-BE28-4D73-BFAC-EEBB98A76531} = {9B6A84E4-0279-4539-8CC2-E04DE2255935}
		{797CEA24-C93C-4A3B-9F4D-3BEF47F13D66} = {B7ABF1B7-9417-4762-8EE3-AE1548F3C2DB}
		{4AA1D5F5-A36A-455F-8176-EF30130ECE65} = {797CEA24-C93C-4A3B-9F4D-3BEF47F13D66}
		{91567283-D247-479B-B061-3BC4CDEB6641} = {797CEA24-C93C-4A3B-9F4D-3BEF47F13D66}
		{AAC8315E-34BC-4BCD-9038-7CF093347A66} = {797CEA24-C93C-4A3B-9F4D-3BEF47F13D66}
		{27123B57-EB6C-4ADC-A11E-0F8D6727F658} = {797CEA24-C93C-4A3B-9F4D-3BEF47F13D66}
		{F8746578-7C17-43EA-A2F9-B68AE03ED80D} = {797CEA24-C93C-4A3B-9F4D-3BEF47F13D66}
		{6146DF21-F3CF-4E92-A3E7-59B00F9F78C6} = {797CEA24-C93C-4A3B-9F4D-3BEF47F13D66}
		{587318F3-49D1-4DD0-BCDB-18EB156B8727} = {B7ABF1B7-9417-4762-8EE3-AE1548F3C2DB}
		{3F28E9C7-FABC-483B-9EA6-8061BAA5B5D7} = {587318F3-49D1-4DD0-BCDB-18EB156B8727}
		{D38BEA11-FF64-4A5E-9814-878543139434} = {587318F3-49D1-4DD0-BCDB-18EB156B8727}
		{03DD99D4-347F-4553-885E-578ED17FA950} = {587318F3-49D1-4DD0-BCDB-18EB156B8727}
		{4FD088A7-F920-464B-85C0-505172CA16CA} = {587318F3-49D1-4DD0-BCDB-18EB156B8727}
		{E88B71EE-FB14-4E6B-8F75-950861300BDE} = {B7ABF1B7-9417-4762-8EE3-AE1548F3C2DB}
		{DB7176F0-88E5-4885-B068-41E7B6751892} = {E88B71EE-FB14-4E6B-8F75-950861300BDE}
		{2749435D-F25D-45EF-9E1F-32FC575B9715} = {E88B71EE-FB14-4E6B-8F75-950861300BDE}
		{499D9D57-B6C5-4A67-B7F5-C81D013651DD} = {E88B71EE-FB14-4E6B-8F75-950861300BDE}
		{4AA40808-CD95-43FF-89F6-67EC0601A294} = {E88B71EE-FB14-4E6B-8F75-950861300BDE}
		{29DF0A20-7246-433A-BF21-7514CDBF421D} = {B7ABF1B7-9417-4762-8EE3-AE1548F3C2DB}
		{C6DCE261-E327-4C8B-81C5-7C14723E4B27} = {29DF0A20-7246-433A-BF21-7514CDBF421D}
		{B63D5A6E-4F4C-4B1B-B2E4-A1DE2411FF1D} = {29DF0A20-7246-433A-BF21-7514CDBF421D}
		{B2D848BA-9538-45E3-9F9D-35937CDECB7A} = {29DF0A20-7246-433A-BF21-7514CDBF421D}
		{0424EBC8-2436-4706-9A34-7BC87469172D} = {6F28DB45-987D-4EBF-B44C-5B2DF6F617F2}
		{907FEB7A-E784-45CF-A5F8-CF3320A1C126} = {0424EBC8-2436-4706-9A34-7BC87469172D}
		{AED8D65C-A544-43FE-98F7-64B32DA56C7F} = {0424EBC8-2436-4706-9A34-7BC87469172D}
		{32235A86-4AC9-4877-A4BD-0019348F38DC} = {6F28DB45-987D-4EBF-B44C-5B2DF6F617F2}
		{F4863F2B-7A90-42A0-A23B-CBEC729EC3D3} = {32235A86-4AC9-4877-A4BD-0019348F38DC}
		{46FA5087-68BB-4537-825D-C7CB714F4C3E} = {32235A86-4AC9-4877-A4BD-0019348F38DC}
		{7582F557-B43B-4117-9B37-61ADC1C1BE87} = {32235A86-4AC9-4877-A4BD-0019348F38DC}
		{0E56EE5B-6AA5-4159-8C7B-4C38ED4B2EF7} = {6F28DB45-987D-4EBF-B44C-5B2DF6F617F2}
		{95C3E092-EA35-486F-BB55-BC0F3764F19D} = {0E56EE5B-6AA5-4159-8C7B-4C38ED4B2EF7}
	EndGlobalSection
	GlobalSection(ExtensibilityGlobals) = postSolution
		SolutionGuid = {C5DA5397-E6DE-4CB0-AB7D-C319C3759CBC}
	EndGlobalSection
EndGlobal
