
Microsoft Visual Studio Solution File, Format Version 12.00
# Visual Studio Version 16
VisualStudioVersion = 16.0.31229.75
MinimumVisualStudioVersion = 10.0.40219.1
Project("{2150E333-8FDC-42A3-9474-1A3956D46DE8}") = "_SolutionItems", "_SolutionItems", "{0DB12858-8B23-472E-B636-A70122EA9936}"
	ProjectSection(SolutionItems) = preProject
		.editorconfig = .editorconfig
		Directory.Build.props = Directory.Build.props
	EndProjectSection
EndProject
Project("{2150E333-8FDC-42A3-9474-1A3956D46DE8}") = "Analysis", "Analysis", "{B1993ADA-533E-4268-8898-4595F8996181}"
EndProject
Project("{2150E333-8FDC-42A3-9474-1A3956D46DE8}") = "Definition", "Definition", "{9B6A84E4-0279-4539-8CC2-E04DE2255935}"
EndProject
Project("{2150E333-8FDC-42A3-9474-1A3956D46DE8}") = "Deploy", "Deploy", "{797CEA24-C93C-4A3B-9F4D-3BEF47F13D66}"
EndProject
Project("{2150E333-8FDC-42A3-9474-1A3956D46DE8}") = "Description", "Description", "{587318F3-49D1-4DD0-BCDB-18EB156B8727}"
EndProject
Project("{2150E333-8FDC-42A3-9474-1A3956D46DE8}") = "Models", "Models", "{E88B71EE-FB14-4E6B-8F75-950861300BDE}"
EndProject
Project("{2150E333-8FDC-42A3-9474-1A3956D46DE8}") = "Samples", "Samples", "{22930F03-7021-4CC6-AEBA-C7D3EB1653EB}"
EndProject
Project("{2150E333-8FDC-42A3-9474-1A3956D46DE8}") = "Tests", "Tests", "{1A917C42-DE68-4A79-8D2A-63967814FC9F}"
EndProject
Project("{9A19103F-16F7-4668-BE54-9A1E7A4F7556}") = "DotNetDBTools.Analysis", "Analysis\DotNetDBTools.Analysis\DotNetDBTools.Analysis.csproj", "{3162A36E-F7D2-4A11-9DEA-7C0961397999}"
EndProject
Project("{9A19103F-16F7-4668-BE54-9A1E7A4F7556}") = "DotNetDBTools.Analysis.Agnostic", "Analysis\DotNetDBTools.Analysis.Agnostic\DotNetDBTools.Analysis.Agnostic.csproj", "{278AFF3C-1F53-4DE8-865B-F9F132A3E34E}"
EndProject
Project("{9A19103F-16F7-4668-BE54-9A1E7A4F7556}") = "DotNetDBTools.Analysis.MSSQL", "Analysis\DotNetDBTools.Analysis.MSSQL\DotNetDBTools.Analysis.MSSQL.csproj", "{84F13A5B-E168-46B1-9665-DBE2B1E6FBF5}"
EndProject
Project("{9A19103F-16F7-4668-BE54-9A1E7A4F7556}") = "DotNetDBTools.Definition", "Definition\DotNetDBTools.Definition\DotNetDBTools.Definition.csproj", "{4A4A8399-09A5-48A0-8C78-CD36A6B8F313}"
EndProject
Project("{9A19103F-16F7-4668-BE54-9A1E7A4F7556}") = "DotNetDBTools.Definition.Agnostic", "Definition\DotNetDBTools.Definition.Agnostic\DotNetDBTools.Definition.Agnostic.csproj", "{47767EDE-A74B-4849-A149-1CAA28001AAE}"
EndProject
Project("{9A19103F-16F7-4668-BE54-9A1E7A4F7556}") = "DotNetDBTools.Definition.MSSQL", "Definition\DotNetDBTools.Definition.MSSQL\DotNetDBTools.Definition.MSSQL.csproj", "{2AC85A6A-B0E7-4786-B7CF-47C913B3230F}"
EndProject
Project("{9A19103F-16F7-4668-BE54-9A1E7A4F7556}") = "DotNetDBTools.DefinitionParser", "Definition\DotNetDBTools.DefinitionParser\DotNetDBTools.DefinitionParser.csproj", "{4F89A5A5-7B7B-40AF-BE72-67631174F044}"
EndProject
Project("{9A19103F-16F7-4668-BE54-9A1E7A4F7556}") = "DotNetDBTools.DefinitionParser.Agnostic", "Definition\DotNetDBTools.DefinitionParser.Agnostic\DotNetDBTools.DefinitionParser.Agnostic.csproj", "{33A8C9B9-5B76-4478-933D-6B661C92CEC7}"
EndProject
Project("{9A19103F-16F7-4668-BE54-9A1E7A4F7556}") = "DotNetDBTools.DefinitionParser.MSSQL", "Definition\DotNetDBTools.DefinitionParser.MSSQL\DotNetDBTools.DefinitionParser.MSSQL.csproj", "{F5AEE891-544E-489B-BDA5-7BB228087EC1}"
EndProject
Project("{9A19103F-16F7-4668-BE54-9A1E7A4F7556}") = "DotNetDBTools.Deploy", "Deploy\DotNetDBTools.Deploy\DotNetDBTools.Deploy.csproj", "{4AA1D5F5-A36A-455F-8176-EF30130ECE65}"
EndProject
Project("{9A19103F-16F7-4668-BE54-9A1E7A4F7556}") = "DotNetDBTools.Deploy.MSSQL", "Deploy\DotNetDBTools.Deploy.MSSQL\DotNetDBTools.Deploy.MSSQL.csproj", "{91567283-D247-479B-B061-3BC4CDEB6641}"
EndProject
Project("{9A19103F-16F7-4668-BE54-9A1E7A4F7556}") = "DotNetDBTools.DeployInteractor", "Deploy\DotNetDBTools.DeployInteractor\DotNetDBTools.DeployInteractor.csproj", "{27123B57-EB6C-4ADC-A11E-0F8D6727F658}"
EndProject
Project("{9A19103F-16F7-4668-BE54-9A1E7A4F7556}") = "DotNetDBTools.DeployInteractor.MSSQL", "Deploy\DotNetDBTools.DeployInteractor.MSSQL\DotNetDBTools.DeployInteractor.MSSQL.csproj", "{F8746578-7C17-43EA-A2F9-B68AE03ED80D}"
EndProject
Project("{9A19103F-16F7-4668-BE54-9A1E7A4F7556}") = "DotNetDBTools.Description", "Description\DotNetDBTools.Description\DotNetDBTools.Description.csproj", "{3F28E9C7-FABC-483B-9EA6-8061BAA5B5D7}"
EndProject
Project("{9A19103F-16F7-4668-BE54-9A1E7A4F7556}") = "DotNetDBTools.Description.Agnostic", "Description\DotNetDBTools.Description.Agnostic\DotNetDBTools.Description.Agnostic.csproj", "{D38BEA11-FF64-4A5E-9814-878543139434}"
EndProject
Project("{9A19103F-16F7-4668-BE54-9A1E7A4F7556}") = "DotNetDBTools.Description.MSSQL", "Description\DotNetDBTools.Description.MSSQL\DotNetDBTools.Description.MSSQL.csproj", "{03DD99D4-347F-4553-885E-578ED17FA950}"
EndProject
Project("{9A19103F-16F7-4668-BE54-9A1E7A4F7556}") = "DotNetDBTools.Models", "Models\DotNetDBTools.Models\DotNetDBTools.Models.csproj", "{DB7176F0-88E5-4885-B068-41E7B6751892}"
EndProject
Project("{9A19103F-16F7-4668-BE54-9A1E7A4F7556}") = "DotNetDBTools.Models.Agnostic", "Models\DotNetDBTools.Models.Agnostic\DotNetDBTools.Models.Agnostic.csproj", "{2749435D-F25D-45EF-9E1F-32FC575B9715}"
EndProject
Project("{9A19103F-16F7-4668-BE54-9A1E7A4F7556}") = "DotNetDBTools.Models.MSSQL", "Models\DotNetDBTools.Models.MSSQL\DotNetDBTools.Models.MSSQL.csproj", "{499D9D57-B6C5-4A67-B7F5-C81D013651DD}"
EndProject
Project("{9A19103F-16F7-4668-BE54-9A1E7A4F7556}") = "DotNetDBTools.SampleApplication.Agnostic", "Samples\DotNetDBTools.SampleApplication.Agnostic\DotNetDBTools.SampleApplication.Agnostic.csproj", "{BC2ACE5F-455D-4707-8E34-62BF5FB3CAD0}"
EndProject
Project("{9A19103F-16F7-4668-BE54-9A1E7A4F7556}") = "DotNetDBTools.SampleDB.Agnostic", "Samples\DotNetDBTools.SampleDB.Agnostic\DotNetDBTools.SampleDB.Agnostic.csproj", "{51A89E8B-3C98-4D47-B48D-4CA665AEF833}"
EndProject
Project("{9A19103F-16F7-4668-BE54-9A1E7A4F7556}") = "DotNetDBTools.SampleDB.MSSQL", "Samples\DotNetDBTools.SampleDB.MSSQL\DotNetDBTools.SampleDB.MSSQL.csproj", "{EF0D661D-028A-4B49-8821-233DA76F41F6}"
EndProject
Project("{9A19103F-16F7-4668-BE54-9A1E7A4F7556}") = "DotNetDBTools.SampleDBDefinitionGenerator.Agnostic", "Samples\DotNetDBTools.SampleDBDefinitionGenerator.Agnostic\DotNetDBTools.SampleDBDefinitionGenerator.Agnostic.csproj", "{07092034-785D-4301-BB60-8A7F9A8A557D}"
EndProject
Project("{9A19103F-16F7-4668-BE54-9A1E7A4F7556}") = "DotNetDBTools.SampleDeployUtil.MSSQL", "Samples\DotNetDBTools.SampleDeployUtil.MSSQL\DotNetDBTools.SampleDeployUtil.MSSQL.csproj", "{7D467CA3-E65D-42A4-8149-A2247C7CCF34}"
EndProject
Project("{9A19103F-16F7-4668-BE54-9A1E7A4F7556}") = "DotNetDBTools.UnitTests.MSSQL", "Tests\DotNetDBTools.UnitTests.MSSQL\DotNetDBTools.UnitTests.MSSQL.csproj", "{46FA5087-68BB-4537-825D-C7CB714F4C3E}"
EndProject
Global
	GlobalSection(SolutionConfigurationPlatforms) = preSolution
		Debug|Any CPU = Debug|Any CPU
		Release|Any CPU = Release|Any CPU
	EndGlobalSection
	GlobalSection(ProjectConfigurationPlatforms) = postSolution
		{4A4A8399-09A5-48A0-8C78-CD36A6B8F313}.Debug|Any CPU.ActiveCfg = Debug|Any CPU
		{4A4A8399-09A5-48A0-8C78-CD36A6B8F313}.Debug|Any CPU.Build.0 = Debug|Any CPU
		{4A4A8399-09A5-48A0-8C78-CD36A6B8F313}.Release|Any CPU.ActiveCfg = Release|Any CPU
		{4A4A8399-09A5-48A0-8C78-CD36A6B8F313}.Release|Any CPU.Build.0 = Release|Any CPU
		{47767EDE-A74B-4849-A149-1CAA28001AAE}.Debug|Any CPU.ActiveCfg = Debug|Any CPU
		{47767EDE-A74B-4849-A149-1CAA28001AAE}.Debug|Any CPU.Build.0 = Debug|Any CPU
		{47767EDE-A74B-4849-A149-1CAA28001AAE}.Release|Any CPU.ActiveCfg = Release|Any CPU
		{47767EDE-A74B-4849-A149-1CAA28001AAE}.Release|Any CPU.Build.0 = Release|Any CPU
		{2AC85A6A-B0E7-4786-B7CF-47C913B3230F}.Debug|Any CPU.ActiveCfg = Debug|Any CPU
		{2AC85A6A-B0E7-4786-B7CF-47C913B3230F}.Debug|Any CPU.Build.0 = Debug|Any CPU
		{2AC85A6A-B0E7-4786-B7CF-47C913B3230F}.Release|Any CPU.ActiveCfg = Release|Any CPU
		{2AC85A6A-B0E7-4786-B7CF-47C913B3230F}.Release|Any CPU.Build.0 = Release|Any CPU
		{4AA1D5F5-A36A-455F-8176-EF30130ECE65}.Debug|Any CPU.ActiveCfg = Debug|Any CPU
		{4AA1D5F5-A36A-455F-8176-EF30130ECE65}.Debug|Any CPU.Build.0 = Debug|Any CPU
		{4AA1D5F5-A36A-455F-8176-EF30130ECE65}.Release|Any CPU.ActiveCfg = Release|Any CPU
		{4AA1D5F5-A36A-455F-8176-EF30130ECE65}.Release|Any CPU.Build.0 = Release|Any CPU
		{91567283-D247-479B-B061-3BC4CDEB6641}.Debug|Any CPU.ActiveCfg = Debug|Any CPU
		{91567283-D247-479B-B061-3BC4CDEB6641}.Debug|Any CPU.Build.0 = Debug|Any CPU
		{91567283-D247-479B-B061-3BC4CDEB6641}.Release|Any CPU.ActiveCfg = Release|Any CPU
		{91567283-D247-479B-B061-3BC4CDEB6641}.Release|Any CPU.Build.0 = Release|Any CPU
		{27123B57-EB6C-4ADC-A11E-0F8D6727F658}.Debug|Any CPU.ActiveCfg = Debug|Any CPU
		{27123B57-EB6C-4ADC-A11E-0F8D6727F658}.Debug|Any CPU.Build.0 = Debug|Any CPU
		{27123B57-EB6C-4ADC-A11E-0F8D6727F658}.Release|Any CPU.ActiveCfg = Release|Any CPU
		{27123B57-EB6C-4ADC-A11E-0F8D6727F658}.Release|Any CPU.Build.0 = Release|Any CPU
		{F8746578-7C17-43EA-A2F9-B68AE03ED80D}.Debug|Any CPU.ActiveCfg = Debug|Any CPU
		{F8746578-7C17-43EA-A2F9-B68AE03ED80D}.Debug|Any CPU.Build.0 = Debug|Any CPU
		{F8746578-7C17-43EA-A2F9-B68AE03ED80D}.Release|Any CPU.ActiveCfg = Release|Any CPU
		{F8746578-7C17-43EA-A2F9-B68AE03ED80D}.Release|Any CPU.Build.0 = Release|Any CPU
		{DB7176F0-88E5-4885-B068-41E7B6751892}.Debug|Any CPU.ActiveCfg = Debug|Any CPU
		{DB7176F0-88E5-4885-B068-41E7B6751892}.Debug|Any CPU.Build.0 = Debug|Any CPU
		{DB7176F0-88E5-4885-B068-41E7B6751892}.Release|Any CPU.ActiveCfg = Release|Any CPU
		{DB7176F0-88E5-4885-B068-41E7B6751892}.Release|Any CPU.Build.0 = Release|Any CPU
		{499D9D57-B6C5-4A67-B7F5-C81D013651DD}.Debug|Any CPU.ActiveCfg = Debug|Any CPU
		{499D9D57-B6C5-4A67-B7F5-C81D013651DD}.Debug|Any CPU.Build.0 = Debug|Any CPU
		{499D9D57-B6C5-4A67-B7F5-C81D013651DD}.Release|Any CPU.ActiveCfg = Release|Any CPU
		{499D9D57-B6C5-4A67-B7F5-C81D013651DD}.Release|Any CPU.Build.0 = Release|Any CPU
		{4F89A5A5-7B7B-40AF-BE72-67631174F044}.Debug|Any CPU.ActiveCfg = Debug|Any CPU
		{4F89A5A5-7B7B-40AF-BE72-67631174F044}.Debug|Any CPU.Build.0 = Debug|Any CPU
		{4F89A5A5-7B7B-40AF-BE72-67631174F044}.Release|Any CPU.ActiveCfg = Release|Any CPU
		{4F89A5A5-7B7B-40AF-BE72-67631174F044}.Release|Any CPU.Build.0 = Release|Any CPU
		{33A8C9B9-5B76-4478-933D-6B661C92CEC7}.Debug|Any CPU.ActiveCfg = Debug|Any CPU
		{33A8C9B9-5B76-4478-933D-6B661C92CEC7}.Debug|Any CPU.Build.0 = Debug|Any CPU
		{33A8C9B9-5B76-4478-933D-6B661C92CEC7}.Release|Any CPU.ActiveCfg = Release|Any CPU
		{33A8C9B9-5B76-4478-933D-6B661C92CEC7}.Release|Any CPU.Build.0 = Release|Any CPU
		{F5AEE891-544E-489B-BDA5-7BB228087EC1}.Debug|Any CPU.ActiveCfg = Debug|Any CPU
		{F5AEE891-544E-489B-BDA5-7BB228087EC1}.Debug|Any CPU.Build.0 = Debug|Any CPU
		{F5AEE891-544E-489B-BDA5-7BB228087EC1}.Release|Any CPU.ActiveCfg = Release|Any CPU
		{F5AEE891-544E-489B-BDA5-7BB228087EC1}.Release|Any CPU.Build.0 = Release|Any CPU
		{51A89E8B-3C98-4D47-B48D-4CA665AEF833}.Debug|Any CPU.ActiveCfg = Debug|Any CPU
		{51A89E8B-3C98-4D47-B48D-4CA665AEF833}.Debug|Any CPU.Build.0 = Debug|Any CPU
		{51A89E8B-3C98-4D47-B48D-4CA665AEF833}.Release|Any CPU.ActiveCfg = Release|Any CPU
		{51A89E8B-3C98-4D47-B48D-4CA665AEF833}.Release|Any CPU.Build.0 = Release|Any CPU
		{EF0D661D-028A-4B49-8821-233DA76F41F6}.Debug|Any CPU.ActiveCfg = Debug|Any CPU
		{EF0D661D-028A-4B49-8821-233DA76F41F6}.Debug|Any CPU.Build.0 = Debug|Any CPU
		{EF0D661D-028A-4B49-8821-233DA76F41F6}.Release|Any CPU.ActiveCfg = Release|Any CPU
		{EF0D661D-028A-4B49-8821-233DA76F41F6}.Release|Any CPU.Build.0 = Release|Any CPU
		{7D467CA3-E65D-42A4-8149-A2247C7CCF34}.Debug|Any CPU.ActiveCfg = Debug|Any CPU
		{7D467CA3-E65D-42A4-8149-A2247C7CCF34}.Debug|Any CPU.Build.0 = Debug|Any CPU
		{7D467CA3-E65D-42A4-8149-A2247C7CCF34}.Release|Any CPU.ActiveCfg = Release|Any CPU
		{7D467CA3-E65D-42A4-8149-A2247C7CCF34}.Release|Any CPU.Build.0 = Release|Any CPU
		{2749435D-F25D-45EF-9E1F-32FC575B9715}.Debug|Any CPU.ActiveCfg = Debug|Any CPU
		{2749435D-F25D-45EF-9E1F-32FC575B9715}.Debug|Any CPU.Build.0 = Debug|Any CPU
		{2749435D-F25D-45EF-9E1F-32FC575B9715}.Release|Any CPU.ActiveCfg = Release|Any CPU
		{2749435D-F25D-45EF-9E1F-32FC575B9715}.Release|Any CPU.Build.0 = Release|Any CPU
		{3F28E9C7-FABC-483B-9EA6-8061BAA5B5D7}.Debug|Any CPU.ActiveCfg = Debug|Any CPU
		{3F28E9C7-FABC-483B-9EA6-8061BAA5B5D7}.Debug|Any CPU.Build.0 = Debug|Any CPU
		{3F28E9C7-FABC-483B-9EA6-8061BAA5B5D7}.Release|Any CPU.ActiveCfg = Release|Any CPU
		{3F28E9C7-FABC-483B-9EA6-8061BAA5B5D7}.Release|Any CPU.Build.0 = Release|Any CPU
		{3162A36E-F7D2-4A11-9DEA-7C0961397999}.Debug|Any CPU.ActiveCfg = Debug|Any CPU
		{3162A36E-F7D2-4A11-9DEA-7C0961397999}.Debug|Any CPU.Build.0 = Debug|Any CPU
		{3162A36E-F7D2-4A11-9DEA-7C0961397999}.Release|Any CPU.ActiveCfg = Release|Any CPU
		{3162A36E-F7D2-4A11-9DEA-7C0961397999}.Release|Any CPU.Build.0 = Release|Any CPU
		{84F13A5B-E168-46B1-9665-DBE2B1E6FBF5}.Debug|Any CPU.ActiveCfg = Debug|Any CPU
		{84F13A5B-E168-46B1-9665-DBE2B1E6FBF5}.Debug|Any CPU.Build.0 = Debug|Any CPU
		{84F13A5B-E168-46B1-9665-DBE2B1E6FBF5}.Release|Any CPU.ActiveCfg = Release|Any CPU
		{84F13A5B-E168-46B1-9665-DBE2B1E6FBF5}.Release|Any CPU.Build.0 = Release|Any CPU
		{03DD99D4-347F-4553-885E-578ED17FA950}.Debug|Any CPU.ActiveCfg = Debug|Any CPU
		{03DD99D4-347F-4553-885E-578ED17FA950}.Debug|Any CPU.Build.0 = Debug|Any CPU
		{03DD99D4-347F-4553-885E-578ED17FA950}.Release|Any CPU.ActiveCfg = Release|Any CPU
		{03DD99D4-347F-4553-885E-578ED17FA950}.Release|Any CPU.Build.0 = Release|Any CPU
		{D38BEA11-FF64-4A5E-9814-878543139434}.Debug|Any CPU.ActiveCfg = Debug|Any CPU
		{D38BEA11-FF64-4A5E-9814-878543139434}.Debug|Any CPU.Build.0 = Debug|Any CPU
		{D38BEA11-FF64-4A5E-9814-878543139434}.Release|Any CPU.ActiveCfg = Release|Any CPU
		{D38BEA11-FF64-4A5E-9814-878543139434}.Release|Any CPU.Build.0 = Release|Any CPU
		{278AFF3C-1F53-4DE8-865B-F9F132A3E34E}.Debug|Any CPU.ActiveCfg = Debug|Any CPU
		{278AFF3C-1F53-4DE8-865B-F9F132A3E34E}.Debug|Any CPU.Build.0 = Debug|Any CPU
		{278AFF3C-1F53-4DE8-865B-F9F132A3E34E}.Release|Any CPU.ActiveCfg = Release|Any CPU
		{278AFF3C-1F53-4DE8-865B-F9F132A3E34E}.Release|Any CPU.Build.0 = Release|Any CPU
		{46FA5087-68BB-4537-825D-C7CB714F4C3E}.Debug|Any CPU.ActiveCfg = Debug|Any CPU
		{46FA5087-68BB-4537-825D-C7CB714F4C3E}.Debug|Any CPU.Build.0 = Debug|Any CPU
		{46FA5087-68BB-4537-825D-C7CB714F4C3E}.Release|Any CPU.ActiveCfg = Release|Any CPU
		{46FA5087-68BB-4537-825D-C7CB714F4C3E}.Release|Any CPU.Build.0 = Release|Any CPU
		{07092034-785D-4301-BB60-8A7F9A8A557D}.Debug|Any CPU.ActiveCfg = Debug|Any CPU
		{07092034-785D-4301-BB60-8A7F9A8A557D}.Debug|Any CPU.Build.0 = Debug|Any CPU
		{07092034-785D-4301-BB60-8A7F9A8A557D}.Release|Any CPU.ActiveCfg = Release|Any CPU
		{07092034-785D-4301-BB60-8A7F9A8A557D}.Release|Any CPU.Build.0 = Release|Any CPU
		{BC2ACE5F-455D-4707-8E34-62BF5FB3CAD0}.Debug|Any CPU.ActiveCfg = Debug|Any CPU
		{BC2ACE5F-455D-4707-8E34-62BF5FB3CAD0}.Debug|Any CPU.Build.0 = Debug|Any CPU
		{BC2ACE5F-455D-4707-8E34-62BF5FB3CAD0}.Release|Any CPU.ActiveCfg = Release|Any CPU
		{BC2ACE5F-455D-4707-8E34-62BF5FB3CAD0}.Release|Any CPU.Build.0 = Release|Any CPU
	EndGlobalSection
	GlobalSection(SolutionProperties) = preSolution
		HideSolutionNode = FALSE
	EndGlobalSection
	GlobalSection(NestedProjects) = preSolution
		{4A4A8399-09A5-48A0-8C78-CD36A6B8F313} = {9B6A84E4-0279-4539-8CC2-E04DE2255935}
		{47767EDE-A74B-4849-A149-1CAA28001AAE} = {9B6A84E4-0279-4539-8CC2-E04DE2255935}
		{2AC85A6A-B0E7-4786-B7CF-47C913B3230F} = {9B6A84E4-0279-4539-8CC2-E04DE2255935}
		{4AA1D5F5-A36A-455F-8176-EF30130ECE65} = {797CEA24-C93C-4A3B-9F4D-3BEF47F13D66}
		{91567283-D247-479B-B061-3BC4CDEB6641} = {797CEA24-C93C-4A3B-9F4D-3BEF47F13D66}
		{27123B57-EB6C-4ADC-A11E-0F8D6727F658} = {797CEA24-C93C-4A3B-9F4D-3BEF47F13D66}
		{F8746578-7C17-43EA-A2F9-B68AE03ED80D} = {797CEA24-C93C-4A3B-9F4D-3BEF47F13D66}
		{DB7176F0-88E5-4885-B068-41E7B6751892} = {E88B71EE-FB14-4E6B-8F75-950861300BDE}
		{499D9D57-B6C5-4A67-B7F5-C81D013651DD} = {E88B71EE-FB14-4E6B-8F75-950861300BDE}
		{4F89A5A5-7B7B-40AF-BE72-67631174F044} = {9B6A84E4-0279-4539-8CC2-E04DE2255935}
		{33A8C9B9-5B76-4478-933D-6B661C92CEC7} = {9B6A84E4-0279-4539-8CC2-E04DE2255935}
		{F5AEE891-544E-489B-BDA5-7BB228087EC1} = {9B6A84E4-0279-4539-8CC2-E04DE2255935}
		{51A89E8B-3C98-4D47-B48D-4CA665AEF833} = {22930F03-7021-4CC6-AEBA-C7D3EB1653EB}
		{EF0D661D-028A-4B49-8821-233DA76F41F6} = {22930F03-7021-4CC6-AEBA-C7D3EB1653EB}
		{7D467CA3-E65D-42A4-8149-A2247C7CCF34} = {22930F03-7021-4CC6-AEBA-C7D3EB1653EB}
		{2749435D-F25D-45EF-9E1F-32FC575B9715} = {E88B71EE-FB14-4E6B-8F75-950861300BDE}
		{3F28E9C7-FABC-483B-9EA6-8061BAA5B5D7} = {587318F3-49D1-4DD0-BCDB-18EB156B8727}
		{3162A36E-F7D2-4A11-9DEA-7C0961397999} = {B1993ADA-533E-4268-8898-4595F8996181}
		{84F13A5B-E168-46B1-9665-DBE2B1E6FBF5} = {B1993ADA-533E-4268-8898-4595F8996181}
		{03DD99D4-347F-4553-885E-578ED17FA950} = {587318F3-49D1-4DD0-BCDB-18EB156B8727}
		{D38BEA11-FF64-4A5E-9814-878543139434} = {587318F3-49D1-4DD0-BCDB-18EB156B8727}
		{278AFF3C-1F53-4DE8-865B-F9F132A3E34E} = {B1993ADA-533E-4268-8898-4595F8996181}
		{46FA5087-68BB-4537-825D-C7CB714F4C3E} = {1A917C42-DE68-4A79-8D2A-63967814FC9F}
		{07092034-785D-4301-BB60-8A7F9A8A557D} = {22930F03-7021-4CC6-AEBA-C7D3EB1653EB}
		{BC2ACE5F-455D-4707-8E34-62BF5FB3CAD0} = {22930F03-7021-4CC6-AEBA-C7D3EB1653EB}
	EndGlobalSection
	GlobalSection(ExtensibilityGlobals) = postSolution
		SolutionGuid = {C5DA5397-E6DE-4CB0-AB7D-C319C3759CBC}
	EndGlobalSection
EndGlobal
